
Microsoft Visual Studio Solution File, Format Version 12.00
# Visual Studio 15
VisualStudioVersion = 15.0.26124.0
MinimumVisualStudioVersion = 15.0.26124.0
Project("{2150E333-8FDC-42A3-9474-1A3956D46DE8}") = "Common", "Common", "{78566348-3AA9-450F-98AA-1F09E699A805}"
EndProject
Project("{FAE04EC0-301F-11D3-BF4B-00C04F79EFBC}") = "Common", "Common\src\Common.csproj", "{BE217FB6-258E-4521-87EE-64094DEB02A2}"
EndProject
Project("{2150E333-8FDC-42A3-9474-1A3956D46DE8}") = "Modules", "Modules", "{E653CD7D-D59C-4CF9-96DC-49D4FC4DB8D6}"
EndProject
Project("{2150E333-8FDC-42A3-9474-1A3956D46DE8}") = "Catalog", "Catalog", "{662BC5FF-4A08-4304-AD71-E999E622785A}"
EndProject
Project("{FAE04EC0-301F-11D3-BF4B-00C04F79EFBC}") = "OnlineStore.Modules.Catalog.Api", "Modules\Catalog\OnlineStore.Modules.Catalog.Api\OnlineStore.Modules.Catalog.Api.csproj", "{A232A2E7-59F1-4A5C-9D15-52CC6E31A186}"
EndProject
Project("{FAE04EC0-301F-11D3-BF4B-00C04F79EFBC}") = "OnlineStore.Modules.Catalog.Application", "Modules\Catalog\OnlineStore.Modules.Catalog.Application\OnlineStore.Modules.Catalog.Application.csproj", "{C2EC1BDC-A751-45FC-B59A-08CB2D2CB918}"
EndProject
Project("{FAE04EC0-301F-11D3-BF4B-00C04F79EFBC}") = "OnlineStore.Modules.Catalog.Domain", "Modules\Catalog\OnlineStore.Modules.Catalog.Domain\OnlineStore.Modules.Catalog.Domain.csproj", "{212857EB-2BD6-42EC-AB49-1FAD04A2FA58}"
EndProject
Project("{FAE04EC0-301F-11D3-BF4B-00C04F79EFBC}") = "OnlineStore.Modules.Catalog.Infrastructure", "Modules\Catalog\OnlineStore.Modules.Catalog.Infrastructure\OnlineStore.Modules.Catalog.Infrastructure.csproj", "{CA3BFF79-D8CA-40BF-8379-BDED51B189E0}"
EndProject
Project("{2150E333-8FDC-42A3-9474-1A3956D46DE8}") = "Orders", "Orders", "{66261F6E-D91F-4765-8201-92FC195206D4}"
EndProject
Project("{FAE04EC0-301F-11D3-BF4B-00C04F79EFBC}") = "OlineStore.Modules.Orders.Api", "Modules\Orders\OlineStore.Modules.Orders.Api\OlineStore.Modules.Orders.Api.csproj", "{84ED08B3-D7E8-4458-A570-48FD12A38742}"
EndProject
Project("{FAE04EC0-301F-11D3-BF4B-00C04F79EFBC}") = "OlineStore.Modules.Orders.Application", "Modules\Orders\OlineStore.Modules.Orders.Application\OlineStore.Modules.Orders.Application.csproj", "{62CA44F1-F55B-4CCA-925A-9F5FDED20414}"
EndProject
Project("{FAE04EC0-301F-11D3-BF4B-00C04F79EFBC}") = "OlineStore.Modules.Orders.Domain", "Modules\Orders\OlineStore.Modules.Orders.Domain\OlineStore.Modules.Orders.Domain.csproj", "{C1ABB982-A37B-494A-9C5C-B7AA4EC232E8}"
EndProject
Project("{FAE04EC0-301F-11D3-BF4B-00C04F79EFBC}") = "OlineStore.Modules.Orders.Infrastructure", "Modules\Orders\OlineStore.Modules.Orders.Infrastructure\OlineStore.Modules.Orders.Infrastructure.csproj", "{3843CD4D-323D-4A93-8BB0-A4322B649D39}"
EndProject
Project("{2150E333-8FDC-42A3-9474-1A3956D46DE8}") = "Core", "Core", "{48A156AC-E660-4344-9B57-EA197856CB6E}"
EndProject
Project("{FAE04EC0-301F-11D3-BF4B-00C04F79EFBC}") = "OnlineStore.Modules.Core.Api", "Modules\Core\OnlineStore.Modules.Core.Api\OnlineStore.Modules.Core.Api.csproj", "{B836E281-B6E7-4F74-A1BF-B23F8EC80B31}"
EndProject
Project("{FAE04EC0-301F-11D3-BF4B-00C04F79EFBC}") = "OnlineStore.Modules.Core.Application", "Modules\Core\OnlineStore.Modules.Core.Application\OnlineStore.Modules.Core.Application.csproj", "{7BD079C9-13FA-4074-8C4A-DC3868FD6E3A}"
EndProject
Project("{FAE04EC0-301F-11D3-BF4B-00C04F79EFBC}") = "OnlineStore.Modules.Core.Domain", "Modules\Core\OnlineStore.Modules.Core.Domain\OnlineStore.Modules.Core.Domain.csproj", "{3C935A91-7C50-4004-9F01-B3371592DDC5}"
EndProject
Project("{FAE04EC0-301F-11D3-BF4B-00C04F79EFBC}") = "OnlineStore.Modules.Core.Infrastructure", "Modules\Core\OnlineStore.Modules.Core.Infrastructure\OnlineStore.Modules.Core.Infrastructure.csproj", "{0F5314F4-90A4-4D6C-B504-11A32B362C60}"
EndProject
Project("{2150E333-8FDC-42A3-9474-1A3956D46DE8}") = "API", "API", "{FCB30B6A-DFF2-4A68-902D-0331B3CC04ED}"
EndProject
Project("{FAE04EC0-301F-11D3-BF4B-00C04F79EFBC}") = "OnlineStore.API", "API\OnlineStore.API\OnlineStore.API.csproj", "{79DEC6FD-5688-4156-921B-AD3DCC7AFE3E}"
EndProject
Project("{2150E333-8FDC-42A3-9474-1A3956D46DE8}") = "Customers", "Customers", "{08343646-CC06-497C-B535-17053E458FA0}"
EndProject
Project("{FAE04EC0-301F-11D3-BF4B-00C04F79EFBC}") = "OnlineStore.Modules.Customers.Api", "Modules\Customers\OnlineStore.Modules.Customers.Api\OnlineStore.Modules.Customers.Api.csproj", "{EFF817FC-66A4-44EA-9461-1A12C1C95579}"
EndProject
Project("{FAE04EC0-301F-11D3-BF4B-00C04F79EFBC}") = "OnlineStore.Modules.Customers.Application", "Modules\Customers\OnlineStore.Modules.Customers.Application\OnlineStore.Modules.Customers.Application.csproj", "{B8B13E10-7200-4809-81D7-AF3190F40E47}"
EndProject
Project("{FAE04EC0-301F-11D3-BF4B-00C04F79EFBC}") = "OnlineStore.Modules.Customers.Infrastructure", "Modules\Customers\OnlineStore.Modules.Customers.Infrastructure\OnlineStore.Modules.Customers.Infrastructure.csproj", "{B01FEE9A-1013-4FD3-AC0F-03868E4FEDC8}"
EndProject
Project("{FAE04EC0-301F-11D3-BF4B-00C04F79EFBC}") = "OnlineStore.Modules.Customers.Domain", "Modules\Customers\OnlineStore.Modules.Customers.Domain\OnlineStore.Modules.Customers.Domain.csproj", "{0889E326-A295-460A-A9E3-73DE30CFAB11}"
EndProject
Project("{2150E333-8FDC-42A3-9474-1A3956D46DE8}") = "Identity", "Identity", "{2BB361D5-762B-4E29-BFCC-34292C663466}"
EndProject
Project("{FAE04EC0-301F-11D3-BF4B-00C04F79EFBC}") = "OnlineStore.Modules.Identity.Api", "Modules\Identity\src\OnlineStore.Modules.Identity.Api\OnlineStore.Modules.Identity.Api.csproj", "{933E21C2-632C-4703-BBAA-4357EF62D915}"
EndProject
Project("{FAE04EC0-301F-11D3-BF4B-00C04F79EFBC}") = "OnlineStore.Modules.Identity.Application", "Modules\Identity\src\OnlineStore.Modules.Identity.Application\OnlineStore.Modules.Identity.Application.csproj", "{CA2943CB-2A0D-4A7D-86A0-A6FF10982379}"
EndProject
Project("{FAE04EC0-301F-11D3-BF4B-00C04F79EFBC}") = "OnlineStore.Modules.Identity.Domain", "Modules\Identity\src\OnlineStore.Modules.Identity.Domain\OnlineStore.Modules.Identity.Domain.csproj", "{92BC9395-7EA0-40A2-9B9F-26D4E5A742FA}"
EndProject
Project("{FAE04EC0-301F-11D3-BF4B-00C04F79EFBC}") = "OnlineStore.Modules.Identity.Infrastructure", "Modules\Identity\src\OnlineStore.Modules.Identity.Infrastructure\OnlineStore.Modules.Identity.Infrastructure.csproj", "{32571304-8B65-4E00-B1AF-07D9DAEB4A73}"
EndProject
Global
	GlobalSection(SolutionConfigurationPlatforms) = preSolution
		Debug|Any CPU = Debug|Any CPU
		Debug|x64 = Debug|x64
		Debug|x86 = Debug|x86
		Release|Any CPU = Release|Any CPU
		Release|x64 = Release|x64
		Release|x86 = Release|x86
	EndGlobalSection
	GlobalSection(SolutionProperties) = preSolution
		HideSolutionNode = FALSE
	EndGlobalSection
	GlobalSection(ProjectConfigurationPlatforms) = postSolution
		{BE217FB6-258E-4521-87EE-64094DEB02A2}.Debug|Any CPU.ActiveCfg = Debug|Any CPU
		{BE217FB6-258E-4521-87EE-64094DEB02A2}.Debug|Any CPU.Build.0 = Debug|Any CPU
		{BE217FB6-258E-4521-87EE-64094DEB02A2}.Debug|x64.ActiveCfg = Debug|Any CPU
		{BE217FB6-258E-4521-87EE-64094DEB02A2}.Debug|x64.Build.0 = Debug|Any CPU
		{BE217FB6-258E-4521-87EE-64094DEB02A2}.Debug|x86.ActiveCfg = Debug|Any CPU
		{BE217FB6-258E-4521-87EE-64094DEB02A2}.Debug|x86.Build.0 = Debug|Any CPU
		{BE217FB6-258E-4521-87EE-64094DEB02A2}.Release|Any CPU.ActiveCfg = Release|Any CPU
		{BE217FB6-258E-4521-87EE-64094DEB02A2}.Release|Any CPU.Build.0 = Release|Any CPU
		{BE217FB6-258E-4521-87EE-64094DEB02A2}.Release|x64.ActiveCfg = Release|Any CPU
		{BE217FB6-258E-4521-87EE-64094DEB02A2}.Release|x64.Build.0 = Release|Any CPU
		{BE217FB6-258E-4521-87EE-64094DEB02A2}.Release|x86.ActiveCfg = Release|Any CPU
		{BE217FB6-258E-4521-87EE-64094DEB02A2}.Release|x86.Build.0 = Release|Any CPU
		{A232A2E7-59F1-4A5C-9D15-52CC6E31A186}.Debug|Any CPU.ActiveCfg = Debug|Any CPU
		{A232A2E7-59F1-4A5C-9D15-52CC6E31A186}.Debug|Any CPU.Build.0 = Debug|Any CPU
		{A232A2E7-59F1-4A5C-9D15-52CC6E31A186}.Debug|x64.ActiveCfg = Debug|Any CPU
		{A232A2E7-59F1-4A5C-9D15-52CC6E31A186}.Debug|x64.Build.0 = Debug|Any CPU
		{A232A2E7-59F1-4A5C-9D15-52CC6E31A186}.Debug|x86.ActiveCfg = Debug|Any CPU
		{A232A2E7-59F1-4A5C-9D15-52CC6E31A186}.Debug|x86.Build.0 = Debug|Any CPU
		{A232A2E7-59F1-4A5C-9D15-52CC6E31A186}.Release|Any CPU.ActiveCfg = Release|Any CPU
		{A232A2E7-59F1-4A5C-9D15-52CC6E31A186}.Release|Any CPU.Build.0 = Release|Any CPU
		{A232A2E7-59F1-4A5C-9D15-52CC6E31A186}.Release|x64.ActiveCfg = Release|Any CPU
		{A232A2E7-59F1-4A5C-9D15-52CC6E31A186}.Release|x64.Build.0 = Release|Any CPU
		{A232A2E7-59F1-4A5C-9D15-52CC6E31A186}.Release|x86.ActiveCfg = Release|Any CPU
		{A232A2E7-59F1-4A5C-9D15-52CC6E31A186}.Release|x86.Build.0 = Release|Any CPU
		{C2EC1BDC-A751-45FC-B59A-08CB2D2CB918}.Debug|Any CPU.ActiveCfg = Debug|Any CPU
		{C2EC1BDC-A751-45FC-B59A-08CB2D2CB918}.Debug|Any CPU.Build.0 = Debug|Any CPU
		{C2EC1BDC-A751-45FC-B59A-08CB2D2CB918}.Debug|x64.ActiveCfg = Debug|Any CPU
		{C2EC1BDC-A751-45FC-B59A-08CB2D2CB918}.Debug|x64.Build.0 = Debug|Any CPU
		{C2EC1BDC-A751-45FC-B59A-08CB2D2CB918}.Debug|x86.ActiveCfg = Debug|Any CPU
		{C2EC1BDC-A751-45FC-B59A-08CB2D2CB918}.Debug|x86.Build.0 = Debug|Any CPU
		{C2EC1BDC-A751-45FC-B59A-08CB2D2CB918}.Release|Any CPU.ActiveCfg = Release|Any CPU
		{C2EC1BDC-A751-45FC-B59A-08CB2D2CB918}.Release|Any CPU.Build.0 = Release|Any CPU
		{C2EC1BDC-A751-45FC-B59A-08CB2D2CB918}.Release|x64.ActiveCfg = Release|Any CPU
		{C2EC1BDC-A751-45FC-B59A-08CB2D2CB918}.Release|x64.Build.0 = Release|Any CPU
		{C2EC1BDC-A751-45FC-B59A-08CB2D2CB918}.Release|x86.ActiveCfg = Release|Any CPU
		{C2EC1BDC-A751-45FC-B59A-08CB2D2CB918}.Release|x86.Build.0 = Release|Any CPU
		{212857EB-2BD6-42EC-AB49-1FAD04A2FA58}.Debug|Any CPU.ActiveCfg = Debug|Any CPU
		{212857EB-2BD6-42EC-AB49-1FAD04A2FA58}.Debug|Any CPU.Build.0 = Debug|Any CPU
		{212857EB-2BD6-42EC-AB49-1FAD04A2FA58}.Debug|x64.ActiveCfg = Debug|Any CPU
		{212857EB-2BD6-42EC-AB49-1FAD04A2FA58}.Debug|x64.Build.0 = Debug|Any CPU
		{212857EB-2BD6-42EC-AB49-1FAD04A2FA58}.Debug|x86.ActiveCfg = Debug|Any CPU
		{212857EB-2BD6-42EC-AB49-1FAD04A2FA58}.Debug|x86.Build.0 = Debug|Any CPU
		{212857EB-2BD6-42EC-AB49-1FAD04A2FA58}.Release|Any CPU.ActiveCfg = Release|Any CPU
		{212857EB-2BD6-42EC-AB49-1FAD04A2FA58}.Release|Any CPU.Build.0 = Release|Any CPU
		{212857EB-2BD6-42EC-AB49-1FAD04A2FA58}.Release|x64.ActiveCfg = Release|Any CPU
		{212857EB-2BD6-42EC-AB49-1FAD04A2FA58}.Release|x64.Build.0 = Release|Any CPU
		{212857EB-2BD6-42EC-AB49-1FAD04A2FA58}.Release|x86.ActiveCfg = Release|Any CPU
		{212857EB-2BD6-42EC-AB49-1FAD04A2FA58}.Release|x86.Build.0 = Release|Any CPU
		{CA3BFF79-D8CA-40BF-8379-BDED51B189E0}.Debug|Any CPU.ActiveCfg = Debug|Any CPU
		{CA3BFF79-D8CA-40BF-8379-BDED51B189E0}.Debug|Any CPU.Build.0 = Debug|Any CPU
		{CA3BFF79-D8CA-40BF-8379-BDED51B189E0}.Debug|x64.ActiveCfg = Debug|Any CPU
		{CA3BFF79-D8CA-40BF-8379-BDED51B189E0}.Debug|x64.Build.0 = Debug|Any CPU
		{CA3BFF79-D8CA-40BF-8379-BDED51B189E0}.Debug|x86.ActiveCfg = Debug|Any CPU
		{CA3BFF79-D8CA-40BF-8379-BDED51B189E0}.Debug|x86.Build.0 = Debug|Any CPU
		{CA3BFF79-D8CA-40BF-8379-BDED51B189E0}.Release|Any CPU.ActiveCfg = Release|Any CPU
		{CA3BFF79-D8CA-40BF-8379-BDED51B189E0}.Release|Any CPU.Build.0 = Release|Any CPU
		{CA3BFF79-D8CA-40BF-8379-BDED51B189E0}.Release|x64.ActiveCfg = Release|Any CPU
		{CA3BFF79-D8CA-40BF-8379-BDED51B189E0}.Release|x64.Build.0 = Release|Any CPU
		{CA3BFF79-D8CA-40BF-8379-BDED51B189E0}.Release|x86.ActiveCfg = Release|Any CPU
		{CA3BFF79-D8CA-40BF-8379-BDED51B189E0}.Release|x86.Build.0 = Release|Any CPU
		{84ED08B3-D7E8-4458-A570-48FD12A38742}.Debug|Any CPU.ActiveCfg = Debug|Any CPU
		{84ED08B3-D7E8-4458-A570-48FD12A38742}.Debug|Any CPU.Build.0 = Debug|Any CPU
		{84ED08B3-D7E8-4458-A570-48FD12A38742}.Debug|x64.ActiveCfg = Debug|Any CPU
		{84ED08B3-D7E8-4458-A570-48FD12A38742}.Debug|x64.Build.0 = Debug|Any CPU
		{84ED08B3-D7E8-4458-A570-48FD12A38742}.Debug|x86.ActiveCfg = Debug|Any CPU
		{84ED08B3-D7E8-4458-A570-48FD12A38742}.Debug|x86.Build.0 = Debug|Any CPU
		{84ED08B3-D7E8-4458-A570-48FD12A38742}.Release|Any CPU.ActiveCfg = Release|Any CPU
		{84ED08B3-D7E8-4458-A570-48FD12A38742}.Release|Any CPU.Build.0 = Release|Any CPU
		{84ED08B3-D7E8-4458-A570-48FD12A38742}.Release|x64.ActiveCfg = Release|Any CPU
		{84ED08B3-D7E8-4458-A570-48FD12A38742}.Release|x64.Build.0 = Release|Any CPU
		{84ED08B3-D7E8-4458-A570-48FD12A38742}.Release|x86.ActiveCfg = Release|Any CPU
		{84ED08B3-D7E8-4458-A570-48FD12A38742}.Release|x86.Build.0 = Release|Any CPU
		{62CA44F1-F55B-4CCA-925A-9F5FDED20414}.Debug|Any CPU.ActiveCfg = Debug|Any CPU
		{62CA44F1-F55B-4CCA-925A-9F5FDED20414}.Debug|Any CPU.Build.0 = Debug|Any CPU
		{62CA44F1-F55B-4CCA-925A-9F5FDED20414}.Debug|x64.ActiveCfg = Debug|Any CPU
		{62CA44F1-F55B-4CCA-925A-9F5FDED20414}.Debug|x64.Build.0 = Debug|Any CPU
		{62CA44F1-F55B-4CCA-925A-9F5FDED20414}.Debug|x86.ActiveCfg = Debug|Any CPU
		{62CA44F1-F55B-4CCA-925A-9F5FDED20414}.Debug|x86.Build.0 = Debug|Any CPU
		{62CA44F1-F55B-4CCA-925A-9F5FDED20414}.Release|Any CPU.ActiveCfg = Release|Any CPU
		{62CA44F1-F55B-4CCA-925A-9F5FDED20414}.Release|Any CPU.Build.0 = Release|Any CPU
		{62CA44F1-F55B-4CCA-925A-9F5FDED20414}.Release|x64.ActiveCfg = Release|Any CPU
		{62CA44F1-F55B-4CCA-925A-9F5FDED20414}.Release|x64.Build.0 = Release|Any CPU
		{62CA44F1-F55B-4CCA-925A-9F5FDED20414}.Release|x86.ActiveCfg = Release|Any CPU
		{62CA44F1-F55B-4CCA-925A-9F5FDED20414}.Release|x86.Build.0 = Release|Any CPU
		{C1ABB982-A37B-494A-9C5C-B7AA4EC232E8}.Debug|Any CPU.ActiveCfg = Debug|Any CPU
		{C1ABB982-A37B-494A-9C5C-B7AA4EC232E8}.Debug|Any CPU.Build.0 = Debug|Any CPU
		{C1ABB982-A37B-494A-9C5C-B7AA4EC232E8}.Debug|x64.ActiveCfg = Debug|Any CPU
		{C1ABB982-A37B-494A-9C5C-B7AA4EC232E8}.Debug|x64.Build.0 = Debug|Any CPU
		{C1ABB982-A37B-494A-9C5C-B7AA4EC232E8}.Debug|x86.ActiveCfg = Debug|Any CPU
		{C1ABB982-A37B-494A-9C5C-B7AA4EC232E8}.Debug|x86.Build.0 = Debug|Any CPU
		{C1ABB982-A37B-494A-9C5C-B7AA4EC232E8}.Release|Any CPU.ActiveCfg = Release|Any CPU
		{C1ABB982-A37B-494A-9C5C-B7AA4EC232E8}.Release|Any CPU.Build.0 = Release|Any CPU
		{C1ABB982-A37B-494A-9C5C-B7AA4EC232E8}.Release|x64.ActiveCfg = Release|Any CPU
		{C1ABB982-A37B-494A-9C5C-B7AA4EC232E8}.Release|x64.Build.0 = Release|Any CPU
		{C1ABB982-A37B-494A-9C5C-B7AA4EC232E8}.Release|x86.ActiveCfg = Release|Any CPU
		{C1ABB982-A37B-494A-9C5C-B7AA4EC232E8}.Release|x86.Build.0 = Release|Any CPU
		{3843CD4D-323D-4A93-8BB0-A4322B649D39}.Debug|Any CPU.ActiveCfg = Debug|Any CPU
		{3843CD4D-323D-4A93-8BB0-A4322B649D39}.Debug|Any CPU.Build.0 = Debug|Any CPU
		{3843CD4D-323D-4A93-8BB0-A4322B649D39}.Debug|x64.ActiveCfg = Debug|Any CPU
		{3843CD4D-323D-4A93-8BB0-A4322B649D39}.Debug|x64.Build.0 = Debug|Any CPU
		{3843CD4D-323D-4A93-8BB0-A4322B649D39}.Debug|x86.ActiveCfg = Debug|Any CPU
		{3843CD4D-323D-4A93-8BB0-A4322B649D39}.Debug|x86.Build.0 = Debug|Any CPU
		{3843CD4D-323D-4A93-8BB0-A4322B649D39}.Release|Any CPU.ActiveCfg = Release|Any CPU
		{3843CD4D-323D-4A93-8BB0-A4322B649D39}.Release|Any CPU.Build.0 = Release|Any CPU
		{3843CD4D-323D-4A93-8BB0-A4322B649D39}.Release|x64.ActiveCfg = Release|Any CPU
		{3843CD4D-323D-4A93-8BB0-A4322B649D39}.Release|x64.Build.0 = Release|Any CPU
		{3843CD4D-323D-4A93-8BB0-A4322B649D39}.Release|x86.ActiveCfg = Release|Any CPU
		{3843CD4D-323D-4A93-8BB0-A4322B649D39}.Release|x86.Build.0 = Release|Any CPU
		{B836E281-B6E7-4F74-A1BF-B23F8EC80B31}.Debug|Any CPU.ActiveCfg = Debug|Any CPU
		{B836E281-B6E7-4F74-A1BF-B23F8EC80B31}.Debug|Any CPU.Build.0 = Debug|Any CPU
		{B836E281-B6E7-4F74-A1BF-B23F8EC80B31}.Debug|x64.ActiveCfg = Debug|Any CPU
		{B836E281-B6E7-4F74-A1BF-B23F8EC80B31}.Debug|x64.Build.0 = Debug|Any CPU
		{B836E281-B6E7-4F74-A1BF-B23F8EC80B31}.Debug|x86.ActiveCfg = Debug|Any CPU
		{B836E281-B6E7-4F74-A1BF-B23F8EC80B31}.Debug|x86.Build.0 = Debug|Any CPU
		{B836E281-B6E7-4F74-A1BF-B23F8EC80B31}.Release|Any CPU.ActiveCfg = Release|Any CPU
		{B836E281-B6E7-4F74-A1BF-B23F8EC80B31}.Release|Any CPU.Build.0 = Release|Any CPU
		{B836E281-B6E7-4F74-A1BF-B23F8EC80B31}.Release|x64.ActiveCfg = Release|Any CPU
		{B836E281-B6E7-4F74-A1BF-B23F8EC80B31}.Release|x64.Build.0 = Release|Any CPU
		{B836E281-B6E7-4F74-A1BF-B23F8EC80B31}.Release|x86.ActiveCfg = Release|Any CPU
		{B836E281-B6E7-4F74-A1BF-B23F8EC80B31}.Release|x86.Build.0 = Release|Any CPU
		{7BD079C9-13FA-4074-8C4A-DC3868FD6E3A}.Debug|Any CPU.ActiveCfg = Debug|Any CPU
		{7BD079C9-13FA-4074-8C4A-DC3868FD6E3A}.Debug|Any CPU.Build.0 = Debug|Any CPU
		{7BD079C9-13FA-4074-8C4A-DC3868FD6E3A}.Debug|x64.ActiveCfg = Debug|Any CPU
		{7BD079C9-13FA-4074-8C4A-DC3868FD6E3A}.Debug|x64.Build.0 = Debug|Any CPU
		{7BD079C9-13FA-4074-8C4A-DC3868FD6E3A}.Debug|x86.ActiveCfg = Debug|Any CPU
		{7BD079C9-13FA-4074-8C4A-DC3868FD6E3A}.Debug|x86.Build.0 = Debug|Any CPU
		{7BD079C9-13FA-4074-8C4A-DC3868FD6E3A}.Release|Any CPU.ActiveCfg = Release|Any CPU
		{7BD079C9-13FA-4074-8C4A-DC3868FD6E3A}.Release|Any CPU.Build.0 = Release|Any CPU
		{7BD079C9-13FA-4074-8C4A-DC3868FD6E3A}.Release|x64.ActiveCfg = Release|Any CPU
		{7BD079C9-13FA-4074-8C4A-DC3868FD6E3A}.Release|x64.Build.0 = Release|Any CPU
		{7BD079C9-13FA-4074-8C4A-DC3868FD6E3A}.Release|x86.ActiveCfg = Release|Any CPU
		{7BD079C9-13FA-4074-8C4A-DC3868FD6E3A}.Release|x86.Build.0 = Release|Any CPU
		{3C935A91-7C50-4004-9F01-B3371592DDC5}.Debug|Any CPU.ActiveCfg = Debug|Any CPU
		{3C935A91-7C50-4004-9F01-B3371592DDC5}.Debug|Any CPU.Build.0 = Debug|Any CPU
		{3C935A91-7C50-4004-9F01-B3371592DDC5}.Debug|x64.ActiveCfg = Debug|Any CPU
		{3C935A91-7C50-4004-9F01-B3371592DDC5}.Debug|x64.Build.0 = Debug|Any CPU
		{3C935A91-7C50-4004-9F01-B3371592DDC5}.Debug|x86.ActiveCfg = Debug|Any CPU
		{3C935A91-7C50-4004-9F01-B3371592DDC5}.Debug|x86.Build.0 = Debug|Any CPU
		{3C935A91-7C50-4004-9F01-B3371592DDC5}.Release|Any CPU.ActiveCfg = Release|Any CPU
		{3C935A91-7C50-4004-9F01-B3371592DDC5}.Release|Any CPU.Build.0 = Release|Any CPU
		{3C935A91-7C50-4004-9F01-B3371592DDC5}.Release|x64.ActiveCfg = Release|Any CPU
		{3C935A91-7C50-4004-9F01-B3371592DDC5}.Release|x64.Build.0 = Release|Any CPU
		{3C935A91-7C50-4004-9F01-B3371592DDC5}.Release|x86.ActiveCfg = Release|Any CPU
		{3C935A91-7C50-4004-9F01-B3371592DDC5}.Release|x86.Build.0 = Release|Any CPU
		{0F5314F4-90A4-4D6C-B504-11A32B362C60}.Debug|Any CPU.ActiveCfg = Debug|Any CPU
		{0F5314F4-90A4-4D6C-B504-11A32B362C60}.Debug|Any CPU.Build.0 = Debug|Any CPU
		{0F5314F4-90A4-4D6C-B504-11A32B362C60}.Debug|x64.ActiveCfg = Debug|Any CPU
		{0F5314F4-90A4-4D6C-B504-11A32B362C60}.Debug|x64.Build.0 = Debug|Any CPU
		{0F5314F4-90A4-4D6C-B504-11A32B362C60}.Debug|x86.ActiveCfg = Debug|Any CPU
		{0F5314F4-90A4-4D6C-B504-11A32B362C60}.Debug|x86.Build.0 = Debug|Any CPU
		{0F5314F4-90A4-4D6C-B504-11A32B362C60}.Release|Any CPU.ActiveCfg = Release|Any CPU
		{0F5314F4-90A4-4D6C-B504-11A32B362C60}.Release|Any CPU.Build.0 = Release|Any CPU
		{0F5314F4-90A4-4D6C-B504-11A32B362C60}.Release|x64.ActiveCfg = Release|Any CPU
		{0F5314F4-90A4-4D6C-B504-11A32B362C60}.Release|x64.Build.0 = Release|Any CPU
		{0F5314F4-90A4-4D6C-B504-11A32B362C60}.Release|x86.ActiveCfg = Release|Any CPU
		{0F5314F4-90A4-4D6C-B504-11A32B362C60}.Release|x86.Build.0 = Release|Any CPU
		{79DEC6FD-5688-4156-921B-AD3DCC7AFE3E}.Debug|Any CPU.ActiveCfg = Debug|Any CPU
		{79DEC6FD-5688-4156-921B-AD3DCC7AFE3E}.Debug|Any CPU.Build.0 = Debug|Any CPU
		{79DEC6FD-5688-4156-921B-AD3DCC7AFE3E}.Debug|x64.ActiveCfg = Debug|Any CPU
		{79DEC6FD-5688-4156-921B-AD3DCC7AFE3E}.Debug|x64.Build.0 = Debug|Any CPU
		{79DEC6FD-5688-4156-921B-AD3DCC7AFE3E}.Debug|x86.ActiveCfg = Debug|Any CPU
		{79DEC6FD-5688-4156-921B-AD3DCC7AFE3E}.Debug|x86.Build.0 = Debug|Any CPU
		{79DEC6FD-5688-4156-921B-AD3DCC7AFE3E}.Release|Any CPU.ActiveCfg = Release|Any CPU
		{79DEC6FD-5688-4156-921B-AD3DCC7AFE3E}.Release|Any CPU.Build.0 = Release|Any CPU
		{79DEC6FD-5688-4156-921B-AD3DCC7AFE3E}.Release|x64.ActiveCfg = Release|Any CPU
		{79DEC6FD-5688-4156-921B-AD3DCC7AFE3E}.Release|x64.Build.0 = Release|Any CPU
		{79DEC6FD-5688-4156-921B-AD3DCC7AFE3E}.Release|x86.ActiveCfg = Release|Any CPU
		{79DEC6FD-5688-4156-921B-AD3DCC7AFE3E}.Release|x86.Build.0 = Release|Any CPU
		{EFF817FC-66A4-44EA-9461-1A12C1C95579}.Debug|Any CPU.ActiveCfg = Debug|Any CPU
		{EFF817FC-66A4-44EA-9461-1A12C1C95579}.Debug|Any CPU.Build.0 = Debug|Any CPU
		{EFF817FC-66A4-44EA-9461-1A12C1C95579}.Debug|x64.ActiveCfg = Debug|Any CPU
		{EFF817FC-66A4-44EA-9461-1A12C1C95579}.Debug|x64.Build.0 = Debug|Any CPU
		{EFF817FC-66A4-44EA-9461-1A12C1C95579}.Debug|x86.ActiveCfg = Debug|Any CPU
		{EFF817FC-66A4-44EA-9461-1A12C1C95579}.Debug|x86.Build.0 = Debug|Any CPU
		{EFF817FC-66A4-44EA-9461-1A12C1C95579}.Release|Any CPU.ActiveCfg = Release|Any CPU
		{EFF817FC-66A4-44EA-9461-1A12C1C95579}.Release|Any CPU.Build.0 = Release|Any CPU
		{EFF817FC-66A4-44EA-9461-1A12C1C95579}.Release|x64.ActiveCfg = Release|Any CPU
		{EFF817FC-66A4-44EA-9461-1A12C1C95579}.Release|x64.Build.0 = Release|Any CPU
		{EFF817FC-66A4-44EA-9461-1A12C1C95579}.Release|x86.ActiveCfg = Release|Any CPU
		{EFF817FC-66A4-44EA-9461-1A12C1C95579}.Release|x86.Build.0 = Release|Any CPU
		{B8B13E10-7200-4809-81D7-AF3190F40E47}.Debug|Any CPU.ActiveCfg = Debug|Any CPU
		{B8B13E10-7200-4809-81D7-AF3190F40E47}.Debug|Any CPU.Build.0 = Debug|Any CPU
		{B8B13E10-7200-4809-81D7-AF3190F40E47}.Debug|x64.ActiveCfg = Debug|Any CPU
		{B8B13E10-7200-4809-81D7-AF3190F40E47}.Debug|x64.Build.0 = Debug|Any CPU
		{B8B13E10-7200-4809-81D7-AF3190F40E47}.Debug|x86.ActiveCfg = Debug|Any CPU
		{B8B13E10-7200-4809-81D7-AF3190F40E47}.Debug|x86.Build.0 = Debug|Any CPU
		{B8B13E10-7200-4809-81D7-AF3190F40E47}.Release|Any CPU.ActiveCfg = Release|Any CPU
		{B8B13E10-7200-4809-81D7-AF3190F40E47}.Release|Any CPU.Build.0 = Release|Any CPU
		{B8B13E10-7200-4809-81D7-AF3190F40E47}.Release|x64.ActiveCfg = Release|Any CPU
		{B8B13E10-7200-4809-81D7-AF3190F40E47}.Release|x64.Build.0 = Release|Any CPU
		{B8B13E10-7200-4809-81D7-AF3190F40E47}.Release|x86.ActiveCfg = Release|Any CPU
		{B8B13E10-7200-4809-81D7-AF3190F40E47}.Release|x86.Build.0 = Release|Any CPU
		{B01FEE9A-1013-4FD3-AC0F-03868E4FEDC8}.Debug|Any CPU.ActiveCfg = Debug|Any CPU
		{B01FEE9A-1013-4FD3-AC0F-03868E4FEDC8}.Debug|Any CPU.Build.0 = Debug|Any CPU
		{B01FEE9A-1013-4FD3-AC0F-03868E4FEDC8}.Debug|x64.ActiveCfg = Debug|Any CPU
		{B01FEE9A-1013-4FD3-AC0F-03868E4FEDC8}.Debug|x64.Build.0 = Debug|Any CPU
		{B01FEE9A-1013-4FD3-AC0F-03868E4FEDC8}.Debug|x86.ActiveCfg = Debug|Any CPU
		{B01FEE9A-1013-4FD3-AC0F-03868E4FEDC8}.Debug|x86.Build.0 = Debug|Any CPU
		{B01FEE9A-1013-4FD3-AC0F-03868E4FEDC8}.Release|Any CPU.ActiveCfg = Release|Any CPU
		{B01FEE9A-1013-4FD3-AC0F-03868E4FEDC8}.Release|Any CPU.Build.0 = Release|Any CPU
		{B01FEE9A-1013-4FD3-AC0F-03868E4FEDC8}.Release|x64.ActiveCfg = Release|Any CPU
		{B01FEE9A-1013-4FD3-AC0F-03868E4FEDC8}.Release|x64.Build.0 = Release|Any CPU
		{B01FEE9A-1013-4FD3-AC0F-03868E4FEDC8}.Release|x86.ActiveCfg = Release|Any CPU
		{B01FEE9A-1013-4FD3-AC0F-03868E4FEDC8}.Release|x86.Build.0 = Release|Any CPU
		{0889E326-A295-460A-A9E3-73DE30CFAB11}.Debug|Any CPU.ActiveCfg = Debug|Any CPU
		{0889E326-A295-460A-A9E3-73DE30CFAB11}.Debug|Any CPU.Build.0 = Debug|Any CPU
		{0889E326-A295-460A-A9E3-73DE30CFAB11}.Debug|x64.ActiveCfg = Debug|Any CPU
		{0889E326-A295-460A-A9E3-73DE30CFAB11}.Debug|x64.Build.0 = Debug|Any CPU
		{0889E326-A295-460A-A9E3-73DE30CFAB11}.Debug|x86.ActiveCfg = Debug|Any CPU
		{0889E326-A295-460A-A9E3-73DE30CFAB11}.Debug|x86.Build.0 = Debug|Any CPU
		{0889E326-A295-460A-A9E3-73DE30CFAB11}.Release|Any CPU.ActiveCfg = Release|Any CPU
		{0889E326-A295-460A-A9E3-73DE30CFAB11}.Release|Any CPU.Build.0 = Release|Any CPU
		{0889E326-A295-460A-A9E3-73DE30CFAB11}.Release|x64.ActiveCfg = Release|Any CPU
		{0889E326-A295-460A-A9E3-73DE30CFAB11}.Release|x64.Build.0 = Release|Any CPU
		{0889E326-A295-460A-A9E3-73DE30CFAB11}.Release|x86.ActiveCfg = Release|Any CPU
		{0889E326-A295-460A-A9E3-73DE30CFAB11}.Release|x86.Build.0 = Release|Any CPU
		{933E21C2-632C-4703-BBAA-4357EF62D915}.Debug|Any CPU.ActiveCfg = Debug|Any CPU
		{933E21C2-632C-4703-BBAA-4357EF62D915}.Debug|Any CPU.Build.0 = Debug|Any CPU
		{933E21C2-632C-4703-BBAA-4357EF62D915}.Debug|x64.ActiveCfg = Debug|Any CPU
		{933E21C2-632C-4703-BBAA-4357EF62D915}.Debug|x64.Build.0 = Debug|Any CPU
		{933E21C2-632C-4703-BBAA-4357EF62D915}.Debug|x86.ActiveCfg = Debug|Any CPU
		{933E21C2-632C-4703-BBAA-4357EF62D915}.Debug|x86.Build.0 = Debug|Any CPU
		{933E21C2-632C-4703-BBAA-4357EF62D915}.Release|Any CPU.ActiveCfg = Release|Any CPU
		{933E21C2-632C-4703-BBAA-4357EF62D915}.Release|Any CPU.Build.0 = Release|Any CPU
		{933E21C2-632C-4703-BBAA-4357EF62D915}.Release|x64.ActiveCfg = Release|Any CPU
		{933E21C2-632C-4703-BBAA-4357EF62D915}.Release|x64.Build.0 = Release|Any CPU
		{933E21C2-632C-4703-BBAA-4357EF62D915}.Release|x86.ActiveCfg = Release|Any CPU
		{933E21C2-632C-4703-BBAA-4357EF62D915}.Release|x86.Build.0 = Release|Any CPU
		{CA2943CB-2A0D-4A7D-86A0-A6FF10982379}.Debug|Any CPU.ActiveCfg = Debug|Any CPU
		{CA2943CB-2A0D-4A7D-86A0-A6FF10982379}.Debug|Any CPU.Build.0 = Debug|Any CPU
		{CA2943CB-2A0D-4A7D-86A0-A6FF10982379}.Debug|x64.ActiveCfg = Debug|Any CPU
		{CA2943CB-2A0D-4A7D-86A0-A6FF10982379}.Debug|x64.Build.0 = Debug|Any CPU
		{CA2943CB-2A0D-4A7D-86A0-A6FF10982379}.Debug|x86.ActiveCfg = Debug|Any CPU
		{CA2943CB-2A0D-4A7D-86A0-A6FF10982379}.Debug|x86.Build.0 = Debug|Any CPU
		{CA2943CB-2A0D-4A7D-86A0-A6FF10982379}.Release|Any CPU.ActiveCfg = Release|Any CPU
		{CA2943CB-2A0D-4A7D-86A0-A6FF10982379}.Release|Any CPU.Build.0 = Release|Any CPU
		{CA2943CB-2A0D-4A7D-86A0-A6FF10982379}.Release|x64.ActiveCfg = Release|Any CPU
		{CA2943CB-2A0D-4A7D-86A0-A6FF10982379}.Release|x64.Build.0 = Release|Any CPU
		{CA2943CB-2A0D-4A7D-86A0-A6FF10982379}.Release|x86.ActiveCfg = Release|Any CPU
		{CA2943CB-2A0D-4A7D-86A0-A6FF10982379}.Release|x86.Build.0 = Release|Any CPU
		{92BC9395-7EA0-40A2-9B9F-26D4E5A742FA}.Debug|Any CPU.ActiveCfg = Debug|Any CPU
		{92BC9395-7EA0-40A2-9B9F-26D4E5A742FA}.Debug|Any CPU.Build.0 = Debug|Any CPU
		{92BC9395-7EA0-40A2-9B9F-26D4E5A742FA}.Debug|x64.ActiveCfg = Debug|Any CPU
		{92BC9395-7EA0-40A2-9B9F-26D4E5A742FA}.Debug|x64.Build.0 = Debug|Any CPU
		{92BC9395-7EA0-40A2-9B9F-26D4E5A742FA}.Debug|x86.ActiveCfg = Debug|Any CPU
		{92BC9395-7EA0-40A2-9B9F-26D4E5A742FA}.Debug|x86.Build.0 = Debug|Any CPU
		{92BC9395-7EA0-40A2-9B9F-26D4E5A742FA}.Release|Any CPU.ActiveCfg = Release|Any CPU
		{92BC9395-7EA0-40A2-9B9F-26D4E5A742FA}.Release|Any CPU.Build.0 = Release|Any CPU
		{92BC9395-7EA0-40A2-9B9F-26D4E5A742FA}.Release|x64.ActiveCfg = Release|Any CPU
		{92BC9395-7EA0-40A2-9B9F-26D4E5A742FA}.Release|x64.Build.0 = Release|Any CPU
		{92BC9395-7EA0-40A2-9B9F-26D4E5A742FA}.Release|x86.ActiveCfg = Release|Any CPU
		{92BC9395-7EA0-40A2-9B9F-26D4E5A742FA}.Release|x86.Build.0 = Release|Any CPU
		{32571304-8B65-4E00-B1AF-07D9DAEB4A73}.Debug|Any CPU.ActiveCfg = Debug|Any CPU
		{32571304-8B65-4E00-B1AF-07D9DAEB4A73}.Debug|Any CPU.Build.0 = Debug|Any CPU
		{32571304-8B65-4E00-B1AF-07D9DAEB4A73}.Debug|x64.ActiveCfg = Debug|Any CPU
		{32571304-8B65-4E00-B1AF-07D9DAEB4A73}.Debug|x64.Build.0 = Debug|Any CPU
		{32571304-8B65-4E00-B1AF-07D9DAEB4A73}.Debug|x86.ActiveCfg = Debug|Any CPU
		{32571304-8B65-4E00-B1AF-07D9DAEB4A73}.Debug|x86.Build.0 = Debug|Any CPU
		{32571304-8B65-4E00-B1AF-07D9DAEB4A73}.Release|Any CPU.ActiveCfg = Release|Any CPU
		{32571304-8B65-4E00-B1AF-07D9DAEB4A73}.Release|Any CPU.Build.0 = Release|Any CPU
		{32571304-8B65-4E00-B1AF-07D9DAEB4A73}.Release|x64.ActiveCfg = Release|Any CPU
		{32571304-8B65-4E00-B1AF-07D9DAEB4A73}.Release|x64.Build.0 = Release|Any CPU
		{32571304-8B65-4E00-B1AF-07D9DAEB4A73}.Release|x86.ActiveCfg = Release|Any CPU
		{32571304-8B65-4E00-B1AF-07D9DAEB4A73}.Release|x86.Build.0 = Release|Any CPU
	EndGlobalSection
	GlobalSection(NestedProjects) = preSolution
		{BE217FB6-258E-4521-87EE-64094DEB02A2} = {78566348-3AA9-450F-98AA-1F09E699A805}
		{662BC5FF-4A08-4304-AD71-E999E622785A} = {E653CD7D-D59C-4CF9-96DC-49D4FC4DB8D6}
		{A232A2E7-59F1-4A5C-9D15-52CC6E31A186} = {662BC5FF-4A08-4304-AD71-E999E622785A}
		{C2EC1BDC-A751-45FC-B59A-08CB2D2CB918} = {662BC5FF-4A08-4304-AD71-E999E622785A}
		{212857EB-2BD6-42EC-AB49-1FAD04A2FA58} = {662BC5FF-4A08-4304-AD71-E999E622785A}
		{CA3BFF79-D8CA-40BF-8379-BDED51B189E0} = {662BC5FF-4A08-4304-AD71-E999E622785A}
		{66261F6E-D91F-4765-8201-92FC195206D4} = {E653CD7D-D59C-4CF9-96DC-49D4FC4DB8D6}
		{84ED08B3-D7E8-4458-A570-48FD12A38742} = {66261F6E-D91F-4765-8201-92FC195206D4}
		{62CA44F1-F55B-4CCA-925A-9F5FDED20414} = {66261F6E-D91F-4765-8201-92FC195206D4}
		{C1ABB982-A37B-494A-9C5C-B7AA4EC232E8} = {66261F6E-D91F-4765-8201-92FC195206D4}
		{3843CD4D-323D-4A93-8BB0-A4322B649D39} = {66261F6E-D91F-4765-8201-92FC195206D4}
		{48A156AC-E660-4344-9B57-EA197856CB6E} = {E653CD7D-D59C-4CF9-96DC-49D4FC4DB8D6}
		{B836E281-B6E7-4F74-A1BF-B23F8EC80B31} = {48A156AC-E660-4344-9B57-EA197856CB6E}
		{7BD079C9-13FA-4074-8C4A-DC3868FD6E3A} = {48A156AC-E660-4344-9B57-EA197856CB6E}
		{3C935A91-7C50-4004-9F01-B3371592DDC5} = {48A156AC-E660-4344-9B57-EA197856CB6E}
		{0F5314F4-90A4-4D6C-B504-11A32B362C60} = {48A156AC-E660-4344-9B57-EA197856CB6E}
		{79DEC6FD-5688-4156-921B-AD3DCC7AFE3E} = {FCB30B6A-DFF2-4A68-902D-0331B3CC04ED}
		{08343646-CC06-497C-B535-17053E458FA0} = {E653CD7D-D59C-4CF9-96DC-49D4FC4DB8D6}
		{EFF817FC-66A4-44EA-9461-1A12C1C95579} = {08343646-CC06-497C-B535-17053E458FA0}
		{B8B13E10-7200-4809-81D7-AF3190F40E47} = {08343646-CC06-497C-B535-17053E458FA0}
		{B01FEE9A-1013-4FD3-AC0F-03868E4FEDC8} = {08343646-CC06-497C-B535-17053E458FA0}
		{0889E326-A295-460A-A9E3-73DE30CFAB11} = {08343646-CC06-497C-B535-17053E458FA0}
		{2BB361D5-762B-4E29-BFCC-34292C663466} = {E653CD7D-D59C-4CF9-96DC-49D4FC4DB8D6}
		{933E21C2-632C-4703-BBAA-4357EF62D915} = {2BB361D5-762B-4E29-BFCC-34292C663466}
		{CA2943CB-2A0D-4A7D-86A0-A6FF10982379} = {2BB361D5-762B-4E29-BFCC-34292C663466}
		{92BC9395-7EA0-40A2-9B9F-26D4E5A742FA} = {2BB361D5-762B-4E29-BFCC-34292C663466}
		{32571304-8B65-4E00-B1AF-07D9DAEB4A73} = {2BB361D5-762B-4E29-BFCC-34292C663466}
	EndGlobalSection
EndGlobal
