
Microsoft Visual Studio Solution File, Format Version 12.00
# Visual Studio 15
VisualStudioVersion = 15.0.26124.0
MinimumVisualStudioVersion = 15.0.26124.0
Project("{2150E333-8FDC-42A3-9474-1A3956D46DE8}") = "BuildingBlocks", "BuildingBlocks", "{78566348-3AA9-450F-98AA-1F09E699A805}"
EndProject
Project("{2150E333-8FDC-42A3-9474-1A3956D46DE8}") = "Modules", "Modules", "{E653CD7D-D59C-4CF9-96DC-49D4FC4DB8D6}"
EndProject
Project("{2150E333-8FDC-42A3-9474-1A3956D46DE8}") = "Catalog", "Catalog", "{662BC5FF-4A08-4304-AD71-E999E622785A}"
EndProject
Project("{2150E333-8FDC-42A3-9474-1A3956D46DE8}") = "Orders", "Orders", "{66261F6E-D91F-4765-8201-92FC195206D4}"
EndProject
Project("{2150E333-8FDC-42A3-9474-1A3956D46DE8}") = "API", "API", "{FCB30B6A-DFF2-4A68-902D-0331B3CC04ED}"
EndProject
Project("{2150E333-8FDC-42A3-9474-1A3956D46DE8}") = "Customers", "Customers", "{08343646-CC06-497C-B535-17053E458FA0}"
EndProject
Project("{2150E333-8FDC-42A3-9474-1A3956D46DE8}") = "Identity", "Identity", "{2BB361D5-762B-4E29-BFCC-34292C663466}"
EndProject
Project("{2150E333-8FDC-42A3-9474-1A3956D46DE8}") = "src", "src", "{BBD48C24-89F0-4428-8B73-64A6E1856007}"
EndProject
Project("{2150E333-8FDC-42A3-9474-1A3956D46DE8}") = "tests", "tests", "{7C48261F-757D-4B37-8CE5-46C8ED0449DD}"
EndProject
Project("{FAE04EC0-301F-11D3-BF4B-00C04F79EFBC}") = "OnlineStore.API", "src\API\OnlineStore.API\OnlineStore.API.csproj", "{A4B2A7F0-B457-4352-915B-439A83DFA32B}"
EndProject
Project("{FAE04EC0-301F-11D3-BF4B-00C04F79EFBC}") = "BuildingBlocks", "src\BuildingBlocks\BuildingBlocks\BuildingBlocks.csproj", "{0E6D841A-B995-4E97-A937-7E2E200AAEF5}"
EndProject
Project("{FAE04EC0-301F-11D3-BF4B-00C04F79EFBC}") = "BuildingBlocks.Tests.Integration", "src\BuildingBlocks\BuildingBlocks.Tests.Integration\BuildingBlocks.Tests.Integration.csproj", "{269DBBAD-6610-48F8-9E67-E704F28C41B1}"
EndProject
Project("{FAE04EC0-301F-11D3-BF4B-00C04F79EFBC}") = "BuildingBlocks.Tests.Unit", "src\BuildingBlocks\BuildingBlocks.Tests.Unit\BuildingBlocks.Tests.Unit.csproj", "{622057ED-8A19-40FB-A03D-3E5AB06FD11E}"
EndProject
Project("{2150E333-8FDC-42A3-9474-1A3956D46DE8}") = "src", "src", "{21232DB6-451A-4D27-A8F7-F93AD760A45F}"
EndProject
Project("{2150E333-8FDC-42A3-9474-1A3956D46DE8}") = "src", "src", "{2FE00F3D-977C-4262-B4D7-1964388E39C3}"
EndProject
Project("{FAE04EC0-301F-11D3-BF4B-00C04F79EFBC}") = "OnlineStore.Modules.Catalog.Api", "src\Modules\Catalog\src\OnlineStore.Modules.Catalog.Api\OnlineStore.Modules.Catalog.Api.csproj", "{C6FB8A67-30F6-4DBB-9C0A-F83A810882F0}"
EndProject
Project("{FAE04EC0-301F-11D3-BF4B-00C04F79EFBC}") = "OnlineStore.Modules.Catalog.Application", "src\Modules\Catalog\src\OnlineStore.Modules.Catalog.Application\OnlineStore.Modules.Catalog.Application.csproj", "{4B0132BA-4C11-433E-AD69-469CA34881C6}"
EndProject
Project("{FAE04EC0-301F-11D3-BF4B-00C04F79EFBC}") = "OnlineStore.Modules.Catalog.Domain", "src\Modules\Catalog\src\OnlineStore.Modules.Catalog.Domain\OnlineStore.Modules.Catalog.Domain.csproj", "{87AFB269-3709-461A-890E-761E19B94B64}"
EndProject
Project("{FAE04EC0-301F-11D3-BF4B-00C04F79EFBC}") = "OnlineStore.Modules.Catalog.Infrastructure", "src\Modules\Catalog\src\OnlineStore.Modules.Catalog.Infrastructure\OnlineStore.Modules.Catalog.Infrastructure.csproj", "{175BA66F-B3B4-484D-957B-BA135C1CB9C1}"
EndProject
Project("{FAE04EC0-301F-11D3-BF4B-00C04F79EFBC}") = "OnlineStore.Modules.Customers.Api", "src\Modules\Customers\src\OnlineStore.Modules.Customers.Api\OnlineStore.Modules.Customers.Api.csproj", "{57438A70-C51F-4225-817E-974C59CC43E8}"
EndProject
Project("{FAE04EC0-301F-11D3-BF4B-00C04F79EFBC}") = "OnlineStore.Modules.Customers.Application", "src\Modules\Customers\src\OnlineStore.Modules.Customers.Application\OnlineStore.Modules.Customers.Application.csproj", "{753C1D87-E08A-4EFC-8A50-5958A6702A87}"
EndProject
Project("{FAE04EC0-301F-11D3-BF4B-00C04F79EFBC}") = "OnlineStore.Modules.Customers.Domain", "src\Modules\Customers\src\OnlineStore.Modules.Customers.Domain\OnlineStore.Modules.Customers.Domain.csproj", "{A621BB57-E64A-45A1-A00A-1A43C70AAE20}"
EndProject
Project("{FAE04EC0-301F-11D3-BF4B-00C04F79EFBC}") = "OnlineStore.Modules.Customers.Infrastructure", "src\Modules\Customers\src\OnlineStore.Modules.Customers.Infrastructure\OnlineStore.Modules.Customers.Infrastructure.csproj", "{07672002-43AF-4B49-972A-ED216215EA9E}"
EndProject
Project("{FAE04EC0-301F-11D3-BF4B-00C04F79EFBC}") = "OnlineStore.Modules.Identity.Api", "src\Modules\Identity\src\OnlineStore.Modules.Identity.Api\OnlineStore.Modules.Identity.Api.csproj", "{5F79CCF9-5FD6-44A5-A02E-21488797B0E8}"
EndProject
Project("{FAE04EC0-301F-11D3-BF4B-00C04F79EFBC}") = "OnlineStore.Modules.Identity.Application", "src\Modules\Identity\src\OnlineStore.Modules.Identity.Application\OnlineStore.Modules.Identity.Application.csproj", "{F9185DE9-3F9D-4BB4-B6E8-9432A1E22245}"
EndProject
Project("{FAE04EC0-301F-11D3-BF4B-00C04F79EFBC}") = "OnlineStore.Modules.Identity.Domain", "src\Modules\Identity\src\OnlineStore.Modules.Identity.Domain\OnlineStore.Modules.Identity.Domain.csproj", "{0159B139-239F-4D42-B87E-2097BA19FD2F}"
EndProject
Project("{FAE04EC0-301F-11D3-BF4B-00C04F79EFBC}") = "OnlineStore.Modules.Identity.Infrastructure", "src\Modules\Identity\src\OnlineStore.Modules.Identity.Infrastructure\OnlineStore.Modules.Identity.Infrastructure.csproj", "{10309126-E300-4E82-9311-503795B63C2F}"
EndProject
Project("{FAE04EC0-301F-11D3-BF4B-00C04F79EFBC}") = "OlineStore.Modules.Orders.Api", "src\Modules\Orders\src\OlineStore.Modules.Orders.Api\OlineStore.Modules.Orders.Api.csproj", "{6E9DFF83-AFE1-47D4-9856-04DB871418B4}"
EndProject
Project("{2150E333-8FDC-42A3-9474-1A3956D46DE8}") = "src", "src", "{5C56770A-9496-4351-A197-4D770135B9F9}"
EndProject
Project("{FAE04EC0-301F-11D3-BF4B-00C04F79EFBC}") = "OlineStore.Modules.Orders.Application", "src\Modules\Orders\src\OlineStore.Modules.Orders.Application\OlineStore.Modules.Orders.Application.csproj", "{207589B6-BBA6-4AE7-9810-B51614E06999}"
EndProject
Project("{FAE04EC0-301F-11D3-BF4B-00C04F79EFBC}") = "OlineStore.Modules.Orders.Domain", "src\Modules\Orders\src\OlineStore.Modules.Orders.Domain\OlineStore.Modules.Orders.Domain.csproj", "{2A36BCBA-8D03-4F94-8465-AA6F49633EEC}"
EndProject
Project("{FAE04EC0-301F-11D3-BF4B-00C04F79EFBC}") = "OlineStore.Modules.Orders.Infrastructure", "src\Modules\Orders\src\OlineStore.Modules.Orders.Infrastructure\OlineStore.Modules.Orders.Infrastructure.csproj", "{29BD161F-D881-405D-82DB-3BFA246B2494}"
EndProject
Project("{FAE04EC0-301F-11D3-BF4B-00C04F79EFBC}") = "OnlineStore.Modules.Identity.ArchTests", "src\Modules\Identity\tests\OnlineStore.Modules.Identity.ArchTests\OnlineStore.Modules.Identity.ArchTests.csproj", "{7E167703-8F7D-45DB-A1D8-E7EDBE430121}"
EndProject
Project("{FAE04EC0-301F-11D3-BF4B-00C04F79EFBC}") = "OnlineStore.Modules.Identity.IntegrationTests", "src\Modules\Identity\tests\OnlineStore.Modules.Identity.IntegrationTests\OnlineStore.Modules.Identity.IntegrationTests.csproj", "{33395095-F10D-441C-94D5-AD95CE326475}"
EndProject
Project("{FAE04EC0-301F-11D3-BF4B-00C04F79EFBC}") = "OnlineStore.Modules.Identity.UnitTests", "src\Modules\Identity\tests\OnlineStore.Modules.Identity.UnitTests\OnlineStore.Modules.Identity.UnitTests.csproj", "{27C7B3CE-0B67-42FF-9103-39C5430B321F}"
EndProject
Global
	GlobalSection(SolutionConfigurationPlatforms) = preSolution
		Debug|Any CPU = Debug|Any CPU
		Debug|x64 = Debug|x64
		Debug|x86 = Debug|x86
		Release|Any CPU = Release|Any CPU
		Release|x64 = Release|x64
		Release|x86 = Release|x86
	EndGlobalSection
	GlobalSection(SolutionProperties) = preSolution
		HideSolutionNode = FALSE
	EndGlobalSection
	GlobalSection(ProjectConfigurationPlatforms) = postSolution
		{A4B2A7F0-B457-4352-915B-439A83DFA32B}.Debug|Any CPU.ActiveCfg = Debug|Any CPU
		{A4B2A7F0-B457-4352-915B-439A83DFA32B}.Debug|Any CPU.Build.0 = Debug|Any CPU
		{A4B2A7F0-B457-4352-915B-439A83DFA32B}.Debug|x64.ActiveCfg = Debug|Any CPU
		{A4B2A7F0-B457-4352-915B-439A83DFA32B}.Debug|x64.Build.0 = Debug|Any CPU
		{A4B2A7F0-B457-4352-915B-439A83DFA32B}.Debug|x86.ActiveCfg = Debug|Any CPU
		{A4B2A7F0-B457-4352-915B-439A83DFA32B}.Debug|x86.Build.0 = Debug|Any CPU
		{A4B2A7F0-B457-4352-915B-439A83DFA32B}.Release|Any CPU.ActiveCfg = Release|Any CPU
		{A4B2A7F0-B457-4352-915B-439A83DFA32B}.Release|Any CPU.Build.0 = Release|Any CPU
		{A4B2A7F0-B457-4352-915B-439A83DFA32B}.Release|x64.ActiveCfg = Release|Any CPU
		{A4B2A7F0-B457-4352-915B-439A83DFA32B}.Release|x64.Build.0 = Release|Any CPU
		{A4B2A7F0-B457-4352-915B-439A83DFA32B}.Release|x86.ActiveCfg = Release|Any CPU
		{A4B2A7F0-B457-4352-915B-439A83DFA32B}.Release|x86.Build.0 = Release|Any CPU
		{0E6D841A-B995-4E97-A937-7E2E200AAEF5}.Debug|Any CPU.ActiveCfg = Debug|Any CPU
		{0E6D841A-B995-4E97-A937-7E2E200AAEF5}.Debug|Any CPU.Build.0 = Debug|Any CPU
		{0E6D841A-B995-4E97-A937-7E2E200AAEF5}.Debug|x64.ActiveCfg = Debug|Any CPU
		{0E6D841A-B995-4E97-A937-7E2E200AAEF5}.Debug|x64.Build.0 = Debug|Any CPU
		{0E6D841A-B995-4E97-A937-7E2E200AAEF5}.Debug|x86.ActiveCfg = Debug|Any CPU
		{0E6D841A-B995-4E97-A937-7E2E200AAEF5}.Debug|x86.Build.0 = Debug|Any CPU
		{0E6D841A-B995-4E97-A937-7E2E200AAEF5}.Release|Any CPU.ActiveCfg = Release|Any CPU
		{0E6D841A-B995-4E97-A937-7E2E200AAEF5}.Release|Any CPU.Build.0 = Release|Any CPU
		{0E6D841A-B995-4E97-A937-7E2E200AAEF5}.Release|x64.ActiveCfg = Release|Any CPU
		{0E6D841A-B995-4E97-A937-7E2E200AAEF5}.Release|x64.Build.0 = Release|Any CPU
		{0E6D841A-B995-4E97-A937-7E2E200AAEF5}.Release|x86.ActiveCfg = Release|Any CPU
		{0E6D841A-B995-4E97-A937-7E2E200AAEF5}.Release|x86.Build.0 = Release|Any CPU
		{269DBBAD-6610-48F8-9E67-E704F28C41B1}.Debug|Any CPU.ActiveCfg = Debug|Any CPU
		{269DBBAD-6610-48F8-9E67-E704F28C41B1}.Debug|Any CPU.Build.0 = Debug|Any CPU
		{269DBBAD-6610-48F8-9E67-E704F28C41B1}.Debug|x64.ActiveCfg = Debug|Any CPU
		{269DBBAD-6610-48F8-9E67-E704F28C41B1}.Debug|x64.Build.0 = Debug|Any CPU
		{269DBBAD-6610-48F8-9E67-E704F28C41B1}.Debug|x86.ActiveCfg = Debug|Any CPU
		{269DBBAD-6610-48F8-9E67-E704F28C41B1}.Debug|x86.Build.0 = Debug|Any CPU
		{269DBBAD-6610-48F8-9E67-E704F28C41B1}.Release|Any CPU.ActiveCfg = Release|Any CPU
		{269DBBAD-6610-48F8-9E67-E704F28C41B1}.Release|Any CPU.Build.0 = Release|Any CPU
		{269DBBAD-6610-48F8-9E67-E704F28C41B1}.Release|x64.ActiveCfg = Release|Any CPU
		{269DBBAD-6610-48F8-9E67-E704F28C41B1}.Release|x64.Build.0 = Release|Any CPU
		{269DBBAD-6610-48F8-9E67-E704F28C41B1}.Release|x86.ActiveCfg = Release|Any CPU
		{269DBBAD-6610-48F8-9E67-E704F28C41B1}.Release|x86.Build.0 = Release|Any CPU
		{622057ED-8A19-40FB-A03D-3E5AB06FD11E}.Debug|Any CPU.ActiveCfg = Debug|Any CPU
		{622057ED-8A19-40FB-A03D-3E5AB06FD11E}.Debug|Any CPU.Build.0 = Debug|Any CPU
		{622057ED-8A19-40FB-A03D-3E5AB06FD11E}.Debug|x64.ActiveCfg = Debug|Any CPU
		{622057ED-8A19-40FB-A03D-3E5AB06FD11E}.Debug|x64.Build.0 = Debug|Any CPU
		{622057ED-8A19-40FB-A03D-3E5AB06FD11E}.Debug|x86.ActiveCfg = Debug|Any CPU
		{622057ED-8A19-40FB-A03D-3E5AB06FD11E}.Debug|x86.Build.0 = Debug|Any CPU
		{622057ED-8A19-40FB-A03D-3E5AB06FD11E}.Release|Any CPU.ActiveCfg = Release|Any CPU
		{622057ED-8A19-40FB-A03D-3E5AB06FD11E}.Release|Any CPU.Build.0 = Release|Any CPU
		{622057ED-8A19-40FB-A03D-3E5AB06FD11E}.Release|x64.ActiveCfg = Release|Any CPU
		{622057ED-8A19-40FB-A03D-3E5AB06FD11E}.Release|x64.Build.0 = Release|Any CPU
		{622057ED-8A19-40FB-A03D-3E5AB06FD11E}.Release|x86.ActiveCfg = Release|Any CPU
		{622057ED-8A19-40FB-A03D-3E5AB06FD11E}.Release|x86.Build.0 = Release|Any CPU
		{C6FB8A67-30F6-4DBB-9C0A-F83A810882F0}.Debug|Any CPU.ActiveCfg = Debug|Any CPU
		{C6FB8A67-30F6-4DBB-9C0A-F83A810882F0}.Debug|Any CPU.Build.0 = Debug|Any CPU
		{C6FB8A67-30F6-4DBB-9C0A-F83A810882F0}.Debug|x64.ActiveCfg = Debug|Any CPU
		{C6FB8A67-30F6-4DBB-9C0A-F83A810882F0}.Debug|x64.Build.0 = Debug|Any CPU
		{C6FB8A67-30F6-4DBB-9C0A-F83A810882F0}.Debug|x86.ActiveCfg = Debug|Any CPU
		{C6FB8A67-30F6-4DBB-9C0A-F83A810882F0}.Debug|x86.Build.0 = Debug|Any CPU
		{C6FB8A67-30F6-4DBB-9C0A-F83A810882F0}.Release|Any CPU.ActiveCfg = Release|Any CPU
		{C6FB8A67-30F6-4DBB-9C0A-F83A810882F0}.Release|Any CPU.Build.0 = Release|Any CPU
		{C6FB8A67-30F6-4DBB-9C0A-F83A810882F0}.Release|x64.ActiveCfg = Release|Any CPU
		{C6FB8A67-30F6-4DBB-9C0A-F83A810882F0}.Release|x64.Build.0 = Release|Any CPU
		{C6FB8A67-30F6-4DBB-9C0A-F83A810882F0}.Release|x86.ActiveCfg = Release|Any CPU
		{C6FB8A67-30F6-4DBB-9C0A-F83A810882F0}.Release|x86.Build.0 = Release|Any CPU
		{4B0132BA-4C11-433E-AD69-469CA34881C6}.Debug|Any CPU.ActiveCfg = Debug|Any CPU
		{4B0132BA-4C11-433E-AD69-469CA34881C6}.Debug|Any CPU.Build.0 = Debug|Any CPU
		{4B0132BA-4C11-433E-AD69-469CA34881C6}.Debug|x64.ActiveCfg = Debug|Any CPU
		{4B0132BA-4C11-433E-AD69-469CA34881C6}.Debug|x64.Build.0 = Debug|Any CPU
		{4B0132BA-4C11-433E-AD69-469CA34881C6}.Debug|x86.ActiveCfg = Debug|Any CPU
		{4B0132BA-4C11-433E-AD69-469CA34881C6}.Debug|x86.Build.0 = Debug|Any CPU
		{4B0132BA-4C11-433E-AD69-469CA34881C6}.Release|Any CPU.ActiveCfg = Release|Any CPU
		{4B0132BA-4C11-433E-AD69-469CA34881C6}.Release|Any CPU.Build.0 = Release|Any CPU
		{4B0132BA-4C11-433E-AD69-469CA34881C6}.Release|x64.ActiveCfg = Release|Any CPU
		{4B0132BA-4C11-433E-AD69-469CA34881C6}.Release|x64.Build.0 = Release|Any CPU
		{4B0132BA-4C11-433E-AD69-469CA34881C6}.Release|x86.ActiveCfg = Release|Any CPU
		{4B0132BA-4C11-433E-AD69-469CA34881C6}.Release|x86.Build.0 = Release|Any CPU
		{87AFB269-3709-461A-890E-761E19B94B64}.Debug|Any CPU.ActiveCfg = Debug|Any CPU
		{87AFB269-3709-461A-890E-761E19B94B64}.Debug|Any CPU.Build.0 = Debug|Any CPU
		{87AFB269-3709-461A-890E-761E19B94B64}.Debug|x64.ActiveCfg = Debug|Any CPU
		{87AFB269-3709-461A-890E-761E19B94B64}.Debug|x64.Build.0 = Debug|Any CPU
		{87AFB269-3709-461A-890E-761E19B94B64}.Debug|x86.ActiveCfg = Debug|Any CPU
		{87AFB269-3709-461A-890E-761E19B94B64}.Debug|x86.Build.0 = Debug|Any CPU
		{87AFB269-3709-461A-890E-761E19B94B64}.Release|Any CPU.ActiveCfg = Release|Any CPU
		{87AFB269-3709-461A-890E-761E19B94B64}.Release|Any CPU.Build.0 = Release|Any CPU
		{87AFB269-3709-461A-890E-761E19B94B64}.Release|x64.ActiveCfg = Release|Any CPU
		{87AFB269-3709-461A-890E-761E19B94B64}.Release|x64.Build.0 = Release|Any CPU
		{87AFB269-3709-461A-890E-761E19B94B64}.Release|x86.ActiveCfg = Release|Any CPU
		{87AFB269-3709-461A-890E-761E19B94B64}.Release|x86.Build.0 = Release|Any CPU
		{175BA66F-B3B4-484D-957B-BA135C1CB9C1}.Debug|Any CPU.ActiveCfg = Debug|Any CPU
		{175BA66F-B3B4-484D-957B-BA135C1CB9C1}.Debug|Any CPU.Build.0 = Debug|Any CPU
		{175BA66F-B3B4-484D-957B-BA135C1CB9C1}.Debug|x64.ActiveCfg = Debug|Any CPU
		{175BA66F-B3B4-484D-957B-BA135C1CB9C1}.Debug|x64.Build.0 = Debug|Any CPU
		{175BA66F-B3B4-484D-957B-BA135C1CB9C1}.Debug|x86.ActiveCfg = Debug|Any CPU
		{175BA66F-B3B4-484D-957B-BA135C1CB9C1}.Debug|x86.Build.0 = Debug|Any CPU
		{175BA66F-B3B4-484D-957B-BA135C1CB9C1}.Release|Any CPU.ActiveCfg = Release|Any CPU
		{175BA66F-B3B4-484D-957B-BA135C1CB9C1}.Release|Any CPU.Build.0 = Release|Any CPU
		{175BA66F-B3B4-484D-957B-BA135C1CB9C1}.Release|x64.ActiveCfg = Release|Any CPU
		{175BA66F-B3B4-484D-957B-BA135C1CB9C1}.Release|x64.Build.0 = Release|Any CPU
		{175BA66F-B3B4-484D-957B-BA135C1CB9C1}.Release|x86.ActiveCfg = Release|Any CPU
		{175BA66F-B3B4-484D-957B-BA135C1CB9C1}.Release|x86.Build.0 = Release|Any CPU
		{57438A70-C51F-4225-817E-974C59CC43E8}.Debug|Any CPU.ActiveCfg = Debug|Any CPU
		{57438A70-C51F-4225-817E-974C59CC43E8}.Debug|Any CPU.Build.0 = Debug|Any CPU
		{57438A70-C51F-4225-817E-974C59CC43E8}.Debug|x64.ActiveCfg = Debug|Any CPU
		{57438A70-C51F-4225-817E-974C59CC43E8}.Debug|x64.Build.0 = Debug|Any CPU
		{57438A70-C51F-4225-817E-974C59CC43E8}.Debug|x86.ActiveCfg = Debug|Any CPU
		{57438A70-C51F-4225-817E-974C59CC43E8}.Debug|x86.Build.0 = Debug|Any CPU
		{57438A70-C51F-4225-817E-974C59CC43E8}.Release|Any CPU.ActiveCfg = Release|Any CPU
		{57438A70-C51F-4225-817E-974C59CC43E8}.Release|Any CPU.Build.0 = Release|Any CPU
		{57438A70-C51F-4225-817E-974C59CC43E8}.Release|x64.ActiveCfg = Release|Any CPU
		{57438A70-C51F-4225-817E-974C59CC43E8}.Release|x64.Build.0 = Release|Any CPU
		{57438A70-C51F-4225-817E-974C59CC43E8}.Release|x86.ActiveCfg = Release|Any CPU
		{57438A70-C51F-4225-817E-974C59CC43E8}.Release|x86.Build.0 = Release|Any CPU
		{753C1D87-E08A-4EFC-8A50-5958A6702A87}.Debug|Any CPU.ActiveCfg = Debug|Any CPU
		{753C1D87-E08A-4EFC-8A50-5958A6702A87}.Debug|Any CPU.Build.0 = Debug|Any CPU
		{753C1D87-E08A-4EFC-8A50-5958A6702A87}.Debug|x64.ActiveCfg = Debug|Any CPU
		{753C1D87-E08A-4EFC-8A50-5958A6702A87}.Debug|x64.Build.0 = Debug|Any CPU
		{753C1D87-E08A-4EFC-8A50-5958A6702A87}.Debug|x86.ActiveCfg = Debug|Any CPU
		{753C1D87-E08A-4EFC-8A50-5958A6702A87}.Debug|x86.Build.0 = Debug|Any CPU
		{753C1D87-E08A-4EFC-8A50-5958A6702A87}.Release|Any CPU.ActiveCfg = Release|Any CPU
		{753C1D87-E08A-4EFC-8A50-5958A6702A87}.Release|Any CPU.Build.0 = Release|Any CPU
		{753C1D87-E08A-4EFC-8A50-5958A6702A87}.Release|x64.ActiveCfg = Release|Any CPU
		{753C1D87-E08A-4EFC-8A50-5958A6702A87}.Release|x64.Build.0 = Release|Any CPU
		{753C1D87-E08A-4EFC-8A50-5958A6702A87}.Release|x86.ActiveCfg = Release|Any CPU
		{753C1D87-E08A-4EFC-8A50-5958A6702A87}.Release|x86.Build.0 = Release|Any CPU
		{A621BB57-E64A-45A1-A00A-1A43C70AAE20}.Debug|Any CPU.ActiveCfg = Debug|Any CPU
		{A621BB57-E64A-45A1-A00A-1A43C70AAE20}.Debug|Any CPU.Build.0 = Debug|Any CPU
		{A621BB57-E64A-45A1-A00A-1A43C70AAE20}.Debug|x64.ActiveCfg = Debug|Any CPU
		{A621BB57-E64A-45A1-A00A-1A43C70AAE20}.Debug|x64.Build.0 = Debug|Any CPU
		{A621BB57-E64A-45A1-A00A-1A43C70AAE20}.Debug|x86.ActiveCfg = Debug|Any CPU
		{A621BB57-E64A-45A1-A00A-1A43C70AAE20}.Debug|x86.Build.0 = Debug|Any CPU
		{A621BB57-E64A-45A1-A00A-1A43C70AAE20}.Release|Any CPU.ActiveCfg = Release|Any CPU
		{A621BB57-E64A-45A1-A00A-1A43C70AAE20}.Release|Any CPU.Build.0 = Release|Any CPU
		{A621BB57-E64A-45A1-A00A-1A43C70AAE20}.Release|x64.ActiveCfg = Release|Any CPU
		{A621BB57-E64A-45A1-A00A-1A43C70AAE20}.Release|x64.Build.0 = Release|Any CPU
		{A621BB57-E64A-45A1-A00A-1A43C70AAE20}.Release|x86.ActiveCfg = Release|Any CPU
		{A621BB57-E64A-45A1-A00A-1A43C70AAE20}.Release|x86.Build.0 = Release|Any CPU
		{07672002-43AF-4B49-972A-ED216215EA9E}.Debug|Any CPU.ActiveCfg = Debug|Any CPU
		{07672002-43AF-4B49-972A-ED216215EA9E}.Debug|Any CPU.Build.0 = Debug|Any CPU
		{07672002-43AF-4B49-972A-ED216215EA9E}.Debug|x64.ActiveCfg = Debug|Any CPU
		{07672002-43AF-4B49-972A-ED216215EA9E}.Debug|x64.Build.0 = Debug|Any CPU
		{07672002-43AF-4B49-972A-ED216215EA9E}.Debug|x86.ActiveCfg = Debug|Any CPU
		{07672002-43AF-4B49-972A-ED216215EA9E}.Debug|x86.Build.0 = Debug|Any CPU
		{07672002-43AF-4B49-972A-ED216215EA9E}.Release|Any CPU.ActiveCfg = Release|Any CPU
		{07672002-43AF-4B49-972A-ED216215EA9E}.Release|Any CPU.Build.0 = Release|Any CPU
		{07672002-43AF-4B49-972A-ED216215EA9E}.Release|x64.ActiveCfg = Release|Any CPU
		{07672002-43AF-4B49-972A-ED216215EA9E}.Release|x64.Build.0 = Release|Any CPU
		{07672002-43AF-4B49-972A-ED216215EA9E}.Release|x86.ActiveCfg = Release|Any CPU
		{07672002-43AF-4B49-972A-ED216215EA9E}.Release|x86.Build.0 = Release|Any CPU
		{5F79CCF9-5FD6-44A5-A02E-21488797B0E8}.Debug|Any CPU.ActiveCfg = Debug|Any CPU
		{5F79CCF9-5FD6-44A5-A02E-21488797B0E8}.Debug|Any CPU.Build.0 = Debug|Any CPU
		{5F79CCF9-5FD6-44A5-A02E-21488797B0E8}.Debug|x64.ActiveCfg = Debug|Any CPU
		{5F79CCF9-5FD6-44A5-A02E-21488797B0E8}.Debug|x64.Build.0 = Debug|Any CPU
		{5F79CCF9-5FD6-44A5-A02E-21488797B0E8}.Debug|x86.ActiveCfg = Debug|Any CPU
		{5F79CCF9-5FD6-44A5-A02E-21488797B0E8}.Debug|x86.Build.0 = Debug|Any CPU
		{5F79CCF9-5FD6-44A5-A02E-21488797B0E8}.Release|Any CPU.ActiveCfg = Release|Any CPU
		{5F79CCF9-5FD6-44A5-A02E-21488797B0E8}.Release|Any CPU.Build.0 = Release|Any CPU
		{5F79CCF9-5FD6-44A5-A02E-21488797B0E8}.Release|x64.ActiveCfg = Release|Any CPU
		{5F79CCF9-5FD6-44A5-A02E-21488797B0E8}.Release|x64.Build.0 = Release|Any CPU
		{5F79CCF9-5FD6-44A5-A02E-21488797B0E8}.Release|x86.ActiveCfg = Release|Any CPU
		{5F79CCF9-5FD6-44A5-A02E-21488797B0E8}.Release|x86.Build.0 = Release|Any CPU
		{F9185DE9-3F9D-4BB4-B6E8-9432A1E22245}.Debug|Any CPU.ActiveCfg = Debug|Any CPU
		{F9185DE9-3F9D-4BB4-B6E8-9432A1E22245}.Debug|Any CPU.Build.0 = Debug|Any CPU
		{F9185DE9-3F9D-4BB4-B6E8-9432A1E22245}.Debug|x64.ActiveCfg = Debug|Any CPU
		{F9185DE9-3F9D-4BB4-B6E8-9432A1E22245}.Debug|x64.Build.0 = Debug|Any CPU
		{F9185DE9-3F9D-4BB4-B6E8-9432A1E22245}.Debug|x86.ActiveCfg = Debug|Any CPU
		{F9185DE9-3F9D-4BB4-B6E8-9432A1E22245}.Debug|x86.Build.0 = Debug|Any CPU
		{F9185DE9-3F9D-4BB4-B6E8-9432A1E22245}.Release|Any CPU.ActiveCfg = Release|Any CPU
		{F9185DE9-3F9D-4BB4-B6E8-9432A1E22245}.Release|Any CPU.Build.0 = Release|Any CPU
		{F9185DE9-3F9D-4BB4-B6E8-9432A1E22245}.Release|x64.ActiveCfg = Release|Any CPU
		{F9185DE9-3F9D-4BB4-B6E8-9432A1E22245}.Release|x64.Build.0 = Release|Any CPU
		{F9185DE9-3F9D-4BB4-B6E8-9432A1E22245}.Release|x86.ActiveCfg = Release|Any CPU
		{F9185DE9-3F9D-4BB4-B6E8-9432A1E22245}.Release|x86.Build.0 = Release|Any CPU
		{0159B139-239F-4D42-B87E-2097BA19FD2F}.Debug|Any CPU.ActiveCfg = Debug|Any CPU
		{0159B139-239F-4D42-B87E-2097BA19FD2F}.Debug|Any CPU.Build.0 = Debug|Any CPU
		{0159B139-239F-4D42-B87E-2097BA19FD2F}.Debug|x64.ActiveCfg = Debug|Any CPU
		{0159B139-239F-4D42-B87E-2097BA19FD2F}.Debug|x64.Build.0 = Debug|Any CPU
		{0159B139-239F-4D42-B87E-2097BA19FD2F}.Debug|x86.ActiveCfg = Debug|Any CPU
		{0159B139-239F-4D42-B87E-2097BA19FD2F}.Debug|x86.Build.0 = Debug|Any CPU
		{0159B139-239F-4D42-B87E-2097BA19FD2F}.Release|Any CPU.ActiveCfg = Release|Any CPU
		{0159B139-239F-4D42-B87E-2097BA19FD2F}.Release|Any CPU.Build.0 = Release|Any CPU
		{0159B139-239F-4D42-B87E-2097BA19FD2F}.Release|x64.ActiveCfg = Release|Any CPU
		{0159B139-239F-4D42-B87E-2097BA19FD2F}.Release|x64.Build.0 = Release|Any CPU
		{0159B139-239F-4D42-B87E-2097BA19FD2F}.Release|x86.ActiveCfg = Release|Any CPU
		{0159B139-239F-4D42-B87E-2097BA19FD2F}.Release|x86.Build.0 = Release|Any CPU
		{10309126-E300-4E82-9311-503795B63C2F}.Debug|Any CPU.ActiveCfg = Debug|Any CPU
		{10309126-E300-4E82-9311-503795B63C2F}.Debug|Any CPU.Build.0 = Debug|Any CPU
		{10309126-E300-4E82-9311-503795B63C2F}.Debug|x64.ActiveCfg = Debug|Any CPU
		{10309126-E300-4E82-9311-503795B63C2F}.Debug|x64.Build.0 = Debug|Any CPU
		{10309126-E300-4E82-9311-503795B63C2F}.Debug|x86.ActiveCfg = Debug|Any CPU
		{10309126-E300-4E82-9311-503795B63C2F}.Debug|x86.Build.0 = Debug|Any CPU
		{10309126-E300-4E82-9311-503795B63C2F}.Release|Any CPU.ActiveCfg = Release|Any CPU
		{10309126-E300-4E82-9311-503795B63C2F}.Release|Any CPU.Build.0 = Release|Any CPU
		{10309126-E300-4E82-9311-503795B63C2F}.Release|x64.ActiveCfg = Release|Any CPU
		{10309126-E300-4E82-9311-503795B63C2F}.Release|x64.Build.0 = Release|Any CPU
		{10309126-E300-4E82-9311-503795B63C2F}.Release|x86.ActiveCfg = Release|Any CPU
		{10309126-E300-4E82-9311-503795B63C2F}.Release|x86.Build.0 = Release|Any CPU
		{6E9DFF83-AFE1-47D4-9856-04DB871418B4}.Debug|Any CPU.ActiveCfg = Debug|Any CPU
		{6E9DFF83-AFE1-47D4-9856-04DB871418B4}.Debug|Any CPU.Build.0 = Debug|Any CPU
		{6E9DFF83-AFE1-47D4-9856-04DB871418B4}.Debug|x64.ActiveCfg = Debug|Any CPU
		{6E9DFF83-AFE1-47D4-9856-04DB871418B4}.Debug|x64.Build.0 = Debug|Any CPU
		{6E9DFF83-AFE1-47D4-9856-04DB871418B4}.Debug|x86.ActiveCfg = Debug|Any CPU
		{6E9DFF83-AFE1-47D4-9856-04DB871418B4}.Debug|x86.Build.0 = Debug|Any CPU
		{6E9DFF83-AFE1-47D4-9856-04DB871418B4}.Release|Any CPU.ActiveCfg = Release|Any CPU
		{6E9DFF83-AFE1-47D4-9856-04DB871418B4}.Release|Any CPU.Build.0 = Release|Any CPU
		{6E9DFF83-AFE1-47D4-9856-04DB871418B4}.Release|x64.ActiveCfg = Release|Any CPU
		{6E9DFF83-AFE1-47D4-9856-04DB871418B4}.Release|x64.Build.0 = Release|Any CPU
		{6E9DFF83-AFE1-47D4-9856-04DB871418B4}.Release|x86.ActiveCfg = Release|Any CPU
		{6E9DFF83-AFE1-47D4-9856-04DB871418B4}.Release|x86.Build.0 = Release|Any CPU
		{207589B6-BBA6-4AE7-9810-B51614E06999}.Debug|Any CPU.ActiveCfg = Debug|Any CPU
		{207589B6-BBA6-4AE7-9810-B51614E06999}.Debug|Any CPU.Build.0 = Debug|Any CPU
		{207589B6-BBA6-4AE7-9810-B51614E06999}.Debug|x64.ActiveCfg = Debug|Any CPU
		{207589B6-BBA6-4AE7-9810-B51614E06999}.Debug|x64.Build.0 = Debug|Any CPU
		{207589B6-BBA6-4AE7-9810-B51614E06999}.Debug|x86.ActiveCfg = Debug|Any CPU
		{207589B6-BBA6-4AE7-9810-B51614E06999}.Debug|x86.Build.0 = Debug|Any CPU
		{207589B6-BBA6-4AE7-9810-B51614E06999}.Release|Any CPU.ActiveCfg = Release|Any CPU
		{207589B6-BBA6-4AE7-9810-B51614E06999}.Release|Any CPU.Build.0 = Release|Any CPU
		{207589B6-BBA6-4AE7-9810-B51614E06999}.Release|x64.ActiveCfg = Release|Any CPU
		{207589B6-BBA6-4AE7-9810-B51614E06999}.Release|x64.Build.0 = Release|Any CPU
		{207589B6-BBA6-4AE7-9810-B51614E06999}.Release|x86.ActiveCfg = Release|Any CPU
		{207589B6-BBA6-4AE7-9810-B51614E06999}.Release|x86.Build.0 = Release|Any CPU
		{2A36BCBA-8D03-4F94-8465-AA6F49633EEC}.Debug|Any CPU.ActiveCfg = Debug|Any CPU
		{2A36BCBA-8D03-4F94-8465-AA6F49633EEC}.Debug|Any CPU.Build.0 = Debug|Any CPU
		{2A36BCBA-8D03-4F94-8465-AA6F49633EEC}.Debug|x64.ActiveCfg = Debug|Any CPU
		{2A36BCBA-8D03-4F94-8465-AA6F49633EEC}.Debug|x64.Build.0 = Debug|Any CPU
		{2A36BCBA-8D03-4F94-8465-AA6F49633EEC}.Debug|x86.ActiveCfg = Debug|Any CPU
		{2A36BCBA-8D03-4F94-8465-AA6F49633EEC}.Debug|x86.Build.0 = Debug|Any CPU
		{2A36BCBA-8D03-4F94-8465-AA6F49633EEC}.Release|Any CPU.ActiveCfg = Release|Any CPU
		{2A36BCBA-8D03-4F94-8465-AA6F49633EEC}.Release|Any CPU.Build.0 = Release|Any CPU
		{2A36BCBA-8D03-4F94-8465-AA6F49633EEC}.Release|x64.ActiveCfg = Release|Any CPU
		{2A36BCBA-8D03-4F94-8465-AA6F49633EEC}.Release|x64.Build.0 = Release|Any CPU
		{2A36BCBA-8D03-4F94-8465-AA6F49633EEC}.Release|x86.ActiveCfg = Release|Any CPU
		{2A36BCBA-8D03-4F94-8465-AA6F49633EEC}.Release|x86.Build.0 = Release|Any CPU
		{29BD161F-D881-405D-82DB-3BFA246B2494}.Debug|Any CPU.ActiveCfg = Debug|Any CPU
		{29BD161F-D881-405D-82DB-3BFA246B2494}.Debug|Any CPU.Build.0 = Debug|Any CPU
		{29BD161F-D881-405D-82DB-3BFA246B2494}.Debug|x64.ActiveCfg = Debug|Any CPU
		{29BD161F-D881-405D-82DB-3BFA246B2494}.Debug|x64.Build.0 = Debug|Any CPU
		{29BD161F-D881-405D-82DB-3BFA246B2494}.Debug|x86.ActiveCfg = Debug|Any CPU
		{29BD161F-D881-405D-82DB-3BFA246B2494}.Debug|x86.Build.0 = Debug|Any CPU
		{29BD161F-D881-405D-82DB-3BFA246B2494}.Release|Any CPU.ActiveCfg = Release|Any CPU
		{29BD161F-D881-405D-82DB-3BFA246B2494}.Release|Any CPU.Build.0 = Release|Any CPU
		{29BD161F-D881-405D-82DB-3BFA246B2494}.Release|x64.ActiveCfg = Release|Any CPU
		{29BD161F-D881-405D-82DB-3BFA246B2494}.Release|x64.Build.0 = Release|Any CPU
		{29BD161F-D881-405D-82DB-3BFA246B2494}.Release|x86.ActiveCfg = Release|Any CPU
		{29BD161F-D881-405D-82DB-3BFA246B2494}.Release|x86.Build.0 = Release|Any CPU
		{7E167703-8F7D-45DB-A1D8-E7EDBE430121}.Debug|Any CPU.ActiveCfg = Debug|Any CPU
		{7E167703-8F7D-45DB-A1D8-E7EDBE430121}.Debug|Any CPU.Build.0 = Debug|Any CPU
		{7E167703-8F7D-45DB-A1D8-E7EDBE430121}.Debug|x64.ActiveCfg = Debug|Any CPU
		{7E167703-8F7D-45DB-A1D8-E7EDBE430121}.Debug|x64.Build.0 = Debug|Any CPU
		{7E167703-8F7D-45DB-A1D8-E7EDBE430121}.Debug|x86.ActiveCfg = Debug|Any CPU
		{7E167703-8F7D-45DB-A1D8-E7EDBE430121}.Debug|x86.Build.0 = Debug|Any CPU
		{7E167703-8F7D-45DB-A1D8-E7EDBE430121}.Release|Any CPU.ActiveCfg = Release|Any CPU
		{7E167703-8F7D-45DB-A1D8-E7EDBE430121}.Release|Any CPU.Build.0 = Release|Any CPU
		{7E167703-8F7D-45DB-A1D8-E7EDBE430121}.Release|x64.ActiveCfg = Release|Any CPU
		{7E167703-8F7D-45DB-A1D8-E7EDBE430121}.Release|x64.Build.0 = Release|Any CPU
		{7E167703-8F7D-45DB-A1D8-E7EDBE430121}.Release|x86.ActiveCfg = Release|Any CPU
		{7E167703-8F7D-45DB-A1D8-E7EDBE430121}.Release|x86.Build.0 = Release|Any CPU
		{33395095-F10D-441C-94D5-AD95CE326475}.Debug|Any CPU.ActiveCfg = Debug|Any CPU
		{33395095-F10D-441C-94D5-AD95CE326475}.Debug|Any CPU.Build.0 = Debug|Any CPU
		{33395095-F10D-441C-94D5-AD95CE326475}.Debug|x64.ActiveCfg = Debug|Any CPU
		{33395095-F10D-441C-94D5-AD95CE326475}.Debug|x64.Build.0 = Debug|Any CPU
		{33395095-F10D-441C-94D5-AD95CE326475}.Debug|x86.ActiveCfg = Debug|Any CPU
		{33395095-F10D-441C-94D5-AD95CE326475}.Debug|x86.Build.0 = Debug|Any CPU
		{33395095-F10D-441C-94D5-AD95CE326475}.Release|Any CPU.ActiveCfg = Release|Any CPU
		{33395095-F10D-441C-94D5-AD95CE326475}.Release|Any CPU.Build.0 = Release|Any CPU
		{33395095-F10D-441C-94D5-AD95CE326475}.Release|x64.ActiveCfg = Release|Any CPU
		{33395095-F10D-441C-94D5-AD95CE326475}.Release|x64.Build.0 = Release|Any CPU
		{33395095-F10D-441C-94D5-AD95CE326475}.Release|x86.ActiveCfg = Release|Any CPU
		{33395095-F10D-441C-94D5-AD95CE326475}.Release|x86.Build.0 = Release|Any CPU
		{27C7B3CE-0B67-42FF-9103-39C5430B321F}.Debug|Any CPU.ActiveCfg = Debug|Any CPU
		{27C7B3CE-0B67-42FF-9103-39C5430B321F}.Debug|Any CPU.Build.0 = Debug|Any CPU
		{27C7B3CE-0B67-42FF-9103-39C5430B321F}.Debug|x64.ActiveCfg = Debug|Any CPU
		{27C7B3CE-0B67-42FF-9103-39C5430B321F}.Debug|x64.Build.0 = Debug|Any CPU
		{27C7B3CE-0B67-42FF-9103-39C5430B321F}.Debug|x86.ActiveCfg = Debug|Any CPU
		{27C7B3CE-0B67-42FF-9103-39C5430B321F}.Debug|x86.Build.0 = Debug|Any CPU
		{27C7B3CE-0B67-42FF-9103-39C5430B321F}.Release|Any CPU.ActiveCfg = Release|Any CPU
		{27C7B3CE-0B67-42FF-9103-39C5430B321F}.Release|Any CPU.Build.0 = Release|Any CPU
		{27C7B3CE-0B67-42FF-9103-39C5430B321F}.Release|x64.ActiveCfg = Release|Any CPU
		{27C7B3CE-0B67-42FF-9103-39C5430B321F}.Release|x64.Build.0 = Release|Any CPU
		{27C7B3CE-0B67-42FF-9103-39C5430B321F}.Release|x86.ActiveCfg = Release|Any CPU
		{27C7B3CE-0B67-42FF-9103-39C5430B321F}.Release|x86.Build.0 = Release|Any CPU
	EndGlobalSection
	GlobalSection(NestedProjects) = preSolution
		{662BC5FF-4A08-4304-AD71-E999E622785A} = {E653CD7D-D59C-4CF9-96DC-49D4FC4DB8D6}
		{66261F6E-D91F-4765-8201-92FC195206D4} = {E653CD7D-D59C-4CF9-96DC-49D4FC4DB8D6}
		{08343646-CC06-497C-B535-17053E458FA0} = {E653CD7D-D59C-4CF9-96DC-49D4FC4DB8D6}
		{2BB361D5-762B-4E29-BFCC-34292C663466} = {E653CD7D-D59C-4CF9-96DC-49D4FC4DB8D6}
		{BBD48C24-89F0-4428-8B73-64A6E1856007} = {2BB361D5-762B-4E29-BFCC-34292C663466}
		{7C48261F-757D-4B37-8CE5-46C8ED0449DD} = {2BB361D5-762B-4E29-BFCC-34292C663466}
		{A4B2A7F0-B457-4352-915B-439A83DFA32B} = {FCB30B6A-DFF2-4A68-902D-0331B3CC04ED}
		{0E6D841A-B995-4E97-A937-7E2E200AAEF5} = {78566348-3AA9-450F-98AA-1F09E699A805}
		{269DBBAD-6610-48F8-9E67-E704F28C41B1} = {78566348-3AA9-450F-98AA-1F09E699A805}
		{622057ED-8A19-40FB-A03D-3E5AB06FD11E} = {78566348-3AA9-450F-98AA-1F09E699A805}
		{21232DB6-451A-4D27-A8F7-F93AD760A45F} = {08343646-CC06-497C-B535-17053E458FA0}
		{2FE00F3D-977C-4262-B4D7-1964388E39C3} = {662BC5FF-4A08-4304-AD71-E999E622785A}
		{C6FB8A67-30F6-4DBB-9C0A-F83A810882F0} = {2FE00F3D-977C-4262-B4D7-1964388E39C3}
		{4B0132BA-4C11-433E-AD69-469CA34881C6} = {2FE00F3D-977C-4262-B4D7-1964388E39C3}
		{87AFB269-3709-461A-890E-761E19B94B64} = {2FE00F3D-977C-4262-B4D7-1964388E39C3}
		{175BA66F-B3B4-484D-957B-BA135C1CB9C1} = {2FE00F3D-977C-4262-B4D7-1964388E39C3}
		{57438A70-C51F-4225-817E-974C59CC43E8} = {21232DB6-451A-4D27-A8F7-F93AD760A45F}
		{753C1D87-E08A-4EFC-8A50-5958A6702A87} = {21232DB6-451A-4D27-A8F7-F93AD760A45F}
		{A621BB57-E64A-45A1-A00A-1A43C70AAE20} = {21232DB6-451A-4D27-A8F7-F93AD760A45F}
		{07672002-43AF-4B49-972A-ED216215EA9E} = {21232DB6-451A-4D27-A8F7-F93AD760A45F}
		{5F79CCF9-5FD6-44A5-A02E-21488797B0E8} = {BBD48C24-89F0-4428-8B73-64A6E1856007}
		{F9185DE9-3F9D-4BB4-B6E8-9432A1E22245} = {BBD48C24-89F0-4428-8B73-64A6E1856007}
		{0159B139-239F-4D42-B87E-2097BA19FD2F} = {BBD48C24-89F0-4428-8B73-64A6E1856007}
		{10309126-E300-4E82-9311-503795B63C2F} = {BBD48C24-89F0-4428-8B73-64A6E1856007}
		{5C56770A-9496-4351-A197-4D770135B9F9} = {66261F6E-D91F-4765-8201-92FC195206D4}
		{6E9DFF83-AFE1-47D4-9856-04DB871418B4} = {5C56770A-9496-4351-A197-4D770135B9F9}
		{207589B6-BBA6-4AE7-9810-B51614E06999} = {5C56770A-9496-4351-A197-4D770135B9F9}
		{2A36BCBA-8D03-4F94-8465-AA6F49633EEC} = {5C56770A-9496-4351-A197-4D770135B9F9}
		{29BD161F-D881-405D-82DB-3BFA246B2494} = {5C56770A-9496-4351-A197-4D770135B9F9}
		{7E167703-8F7D-45DB-A1D8-E7EDBE430121} = {7C48261F-757D-4B37-8CE5-46C8ED0449DD}
		{33395095-F10D-441C-94D5-AD95CE326475} = {7C48261F-757D-4B37-8CE5-46C8ED0449DD}
		{27C7B3CE-0B67-42FF-9103-39C5430B321F} = {7C48261F-757D-4B37-8CE5-46C8ED0449DD}
	EndGlobalSection
EndGlobal
