
Microsoft Visual Studio Solution File, Format Version 12.00
# Visual Studio 15
VisualStudioVersion = 15.0.26124.0
MinimumVisualStudioVersion = 15.0.26124.0
Project("{FAE04EC0-301F-11D3-BF4B-00C04F79EFBC}") = "BuildingBlocks", "BuildingBlocks\BuildingBlocks.csproj", "{EC03623A-8210-4804-83E7-62934BFEE88A}"
EndProject
Project("{FAE04EC0-301F-11D3-BF4B-00C04F79EFBC}") = "BuildingBlocks.Tests.Integration", "BuildingBlocks.Tests.Integration\BuildingBlocks.Tests.Integration.csproj", "{34306DA4-DD74-4BE9-BE30-FE405C6A8C30}"
EndProject
Project("{FAE04EC0-301F-11D3-BF4B-00C04F79EFBC}") = "BuildingBlocks.Tests.Unit", "BuildingBlocks.Tests.Unit\BuildingBlocks.Tests.Unit.csproj", "{101847CB-8DB7-4AE3-AA45-C31A21B3C4B6}"
EndProject
Global
	GlobalSection(SolutionConfigurationPlatforms) = preSolution
		Debug|Any CPU = Debug|Any CPU
		Debug|x64 = Debug|x64
		Debug|x86 = Debug|x86
		Release|Any CPU = Release|Any CPU
		Release|x64 = Release|x64
		Release|x86 = Release|x86
	EndGlobalSection
	GlobalSection(SolutionProperties) = preSolution
		HideSolutionNode = FALSE
	EndGlobalSection
	GlobalSection(ProjectConfigurationPlatforms) = postSolution
		{EC03623A-8210-4804-83E7-62934BFEE88A}.Debug|Any CPU.ActiveCfg = Debug|Any CPU
		{EC03623A-8210-4804-83E7-62934BFEE88A}.Debug|Any CPU.Build.0 = Debug|Any CPU
		{EC03623A-8210-4804-83E7-62934BFEE88A}.Debug|x64.ActiveCfg = Debug|Any CPU
		{EC03623A-8210-4804-83E7-62934BFEE88A}.Debug|x64.Build.0 = Debug|Any CPU
		{EC03623A-8210-4804-83E7-62934BFEE88A}.Debug|x86.ActiveCfg = Debug|Any CPU
		{EC03623A-8210-4804-83E7-62934BFEE88A}.Debug|x86.Build.0 = Debug|Any CPU
		{EC03623A-8210-4804-83E7-62934BFEE88A}.Release|Any CPU.ActiveCfg = Release|Any CPU
		{EC03623A-8210-4804-83E7-62934BFEE88A}.Release|Any CPU.Build.0 = Release|Any CPU
		{EC03623A-8210-4804-83E7-62934BFEE88A}.Release|x64.ActiveCfg = Release|Any CPU
		{EC03623A-8210-4804-83E7-62934BFEE88A}.Release|x64.Build.0 = Release|Any CPU
		{EC03623A-8210-4804-83E7-62934BFEE88A}.Release|x86.ActiveCfg = Release|Any CPU
		{EC03623A-8210-4804-83E7-62934BFEE88A}.Release|x86.Build.0 = Release|Any CPU
		{34306DA4-DD74-4BE9-BE30-FE405C6A8C30}.Debug|Any CPU.ActiveCfg = Debug|Any CPU
		{34306DA4-DD74-4BE9-BE30-FE405C6A8C30}.Debug|Any CPU.Build.0 = Debug|Any CPU
		{34306DA4-DD74-4BE9-BE30-FE405C6A8C30}.Debug|x64.ActiveCfg = Debug|Any CPU
		{34306DA4-DD74-4BE9-BE30-FE405C6A8C30}.Debug|x64.Build.0 = Debug|Any CPU
		{34306DA4-DD74-4BE9-BE30-FE405C6A8C30}.Debug|x86.ActiveCfg = Debug|Any CPU
		{34306DA4-DD74-4BE9-BE30-FE405C6A8C30}.Debug|x86.Build.0 = Debug|Any CPU
		{34306DA4-DD74-4BE9-BE30-FE405C6A8C30}.Release|Any CPU.ActiveCfg = Release|Any CPU
		{34306DA4-DD74-4BE9-BE30-FE405C6A8C30}.Release|Any CPU.Build.0 = Release|Any CPU
		{34306DA4-DD74-4BE9-BE30-FE405C6A8C30}.Release|x64.ActiveCfg = Release|Any CPU
		{34306DA4-DD74-4BE9-BE30-FE405C6A8C30}.Release|x64.Build.0 = Release|Any CPU
		{34306DA4-DD74-4BE9-BE30-FE405C6A8C30}.Release|x86.ActiveCfg = Release|Any CPU
		{34306DA4-DD74-4BE9-BE30-FE405C6A8C30}.Release|x86.Build.0 = Release|Any CPU
		{101847CB-8DB7-4AE3-AA45-C31A21B3C4B6}.Debug|Any CPU.ActiveCfg = Debug|Any CPU
		{101847CB-8DB7-4AE3-AA45-C31A21B3C4B6}.Debug|Any CPU.Build.0 = Debug|Any CPU
		{101847CB-8DB7-4AE3-AA45-C31A21B3C4B6}.Debug|x64.ActiveCfg = Debug|Any CPU
		{101847CB-8DB7-4AE3-AA45-C31A21B3C4B6}.Debug|x64.Build.0 = Debug|Any CPU
		{101847CB-8DB7-4AE3-AA45-C31A21B3C4B6}.Debug|x86.ActiveCfg = Debug|Any CPU
		{101847CB-8DB7-4AE3-AA45-C31A21B3C4B6}.Debug|x86.Build.0 = Debug|Any CPU
		{101847CB-8DB7-4AE3-AA45-C31A21B3C4B6}.Release|Any CPU.ActiveCfg = Release|Any CPU
		{101847CB-8DB7-4AE3-AA45-C31A21B3C4B6}.Release|Any CPU.Build.0 = Release|Any CPU
		{101847CB-8DB7-4AE3-AA45-C31A21B3C4B6}.Release|x64.ActiveCfg = Release|Any CPU
		{101847CB-8DB7-4AE3-AA45-C31A21B3C4B6}.Release|x64.Build.0 = Release|Any CPU
		{101847CB-8DB7-4AE3-AA45-C31A21B3C4B6}.Release|x86.ActiveCfg = Release|Any CPU
		{101847CB-8DB7-4AE3-AA45-C31A21B3C4B6}.Release|x86.Build.0 = Release|Any CPU
	EndGlobalSection
EndGlobal
