
Microsoft Visual Studio Solution File, Format Version 12.00
# Visual Studio Version 16
VisualStudioVersion = 16.6.30114.105
MinimumVisualStudioVersion = 10.0.40219.1
Project("{FAE04EC0-301F-11D3-BF4B-00C04F79EFBC}") = "OnlineStore.Modules.Users.Domain", "OnlineStore.Modules.Users.Domain\OnlineStore.Modules.Users.Domain.csproj", "{1FAAD322-941F-454A-9E85-73F637A95AED}"
EndProject
Project("{FAE04EC0-301F-11D3-BF4B-00C04F79EFBC}") = "OnlineStore.Modules.Users.Infrastructure", "OnlineStore.Modules.Users.Infrastructure\OnlineStore.Modules.Users.Infrastructure.csproj", "{3D0B63A6-CA8E-4E84-99AC-746B2BD7B27F}"
EndProject
Project("{FAE04EC0-301F-11D3-BF4B-00C04F79EFBC}") = "OnlineStore.Modules.Users.Application", "OnlineStore.Modules.Users.Application\OnlineStore.Modules.Users.Application.csproj", "{BDFDA2BC-BD02-4960-90B5-401F1499F3B5}"
EndProject
Project("{FAE04EC0-301F-11D3-BF4B-00C04F79EFBC}") = "OnlineStore.Modules.Users.Api", "OnlineStore.Modules.Users.Api\OnlineStore.Modules.Users.Api.csproj", "{3D688B91-7EBC-45B6-8F7D-BCB6B9B7702E}"
EndProject
Global
	GlobalSection(SolutionConfigurationPlatforms) = preSolution
		Debug|Any CPU = Debug|Any CPU
		Debug|x64 = Debug|x64
		Debug|x86 = Debug|x86
		Release|Any CPU = Release|Any CPU
		Release|x64 = Release|x64
		Release|x86 = Release|x86
	EndGlobalSection
	GlobalSection(SolutionProperties) = preSolution
		HideSolutionNode = FALSE
	EndGlobalSection
	GlobalSection(ProjectConfigurationPlatforms) = postSolution
		{1FAAD322-941F-454A-9E85-73F637A95AED}.Debug|Any CPU.ActiveCfg = Debug|Any CPU
		{1FAAD322-941F-454A-9E85-73F637A95AED}.Debug|Any CPU.Build.0 = Debug|Any CPU
		{1FAAD322-941F-454A-9E85-73F637A95AED}.Debug|x64.ActiveCfg = Debug|Any CPU
		{1FAAD322-941F-454A-9E85-73F637A95AED}.Debug|x64.Build.0 = Debug|Any CPU
		{1FAAD322-941F-454A-9E85-73F637A95AED}.Debug|x86.ActiveCfg = Debug|Any CPU
		{1FAAD322-941F-454A-9E85-73F637A95AED}.Debug|x86.Build.0 = Debug|Any CPU
		{1FAAD322-941F-454A-9E85-73F637A95AED}.Release|Any CPU.ActiveCfg = Release|Any CPU
		{1FAAD322-941F-454A-9E85-73F637A95AED}.Release|Any CPU.Build.0 = Release|Any CPU
		{1FAAD322-941F-454A-9E85-73F637A95AED}.Release|x64.ActiveCfg = Release|Any CPU
		{1FAAD322-941F-454A-9E85-73F637A95AED}.Release|x64.Build.0 = Release|Any CPU
		{1FAAD322-941F-454A-9E85-73F637A95AED}.Release|x86.ActiveCfg = Release|Any CPU
		{1FAAD322-941F-454A-9E85-73F637A95AED}.Release|x86.Build.0 = Release|Any CPU
		{3D0B63A6-CA8E-4E84-99AC-746B2BD7B27F}.Debug|Any CPU.ActiveCfg = Debug|Any CPU
		{3D0B63A6-CA8E-4E84-99AC-746B2BD7B27F}.Debug|Any CPU.Build.0 = Debug|Any CPU
		{3D0B63A6-CA8E-4E84-99AC-746B2BD7B27F}.Debug|x64.ActiveCfg = Debug|Any CPU
		{3D0B63A6-CA8E-4E84-99AC-746B2BD7B27F}.Debug|x64.Build.0 = Debug|Any CPU
		{3D0B63A6-CA8E-4E84-99AC-746B2BD7B27F}.Debug|x86.ActiveCfg = Debug|Any CPU
		{3D0B63A6-CA8E-4E84-99AC-746B2BD7B27F}.Debug|x86.Build.0 = Debug|Any CPU
		{3D0B63A6-CA8E-4E84-99AC-746B2BD7B27F}.Release|Any CPU.ActiveCfg = Release|Any CPU
		{3D0B63A6-CA8E-4E84-99AC-746B2BD7B27F}.Release|Any CPU.Build.0 = Release|Any CPU
		{3D0B63A6-CA8E-4E84-99AC-746B2BD7B27F}.Release|x64.ActiveCfg = Release|Any CPU
		{3D0B63A6-CA8E-4E84-99AC-746B2BD7B27F}.Release|x64.Build.0 = Release|Any CPU
		{3D0B63A6-CA8E-4E84-99AC-746B2BD7B27F}.Release|x86.ActiveCfg = Release|Any CPU
		{3D0B63A6-CA8E-4E84-99AC-746B2BD7B27F}.Release|x86.Build.0 = Release|Any CPU
		{BDFDA2BC-BD02-4960-90B5-401F1499F3B5}.Debug|Any CPU.ActiveCfg = Debug|Any CPU
		{BDFDA2BC-BD02-4960-90B5-401F1499F3B5}.Debug|Any CPU.Build.0 = Debug|Any CPU
		{BDFDA2BC-BD02-4960-90B5-401F1499F3B5}.Debug|x64.ActiveCfg = Debug|Any CPU
		{BDFDA2BC-BD02-4960-90B5-401F1499F3B5}.Debug|x64.Build.0 = Debug|Any CPU
		{BDFDA2BC-BD02-4960-90B5-401F1499F3B5}.Debug|x86.ActiveCfg = Debug|Any CPU
		{BDFDA2BC-BD02-4960-90B5-401F1499F3B5}.Debug|x86.Build.0 = Debug|Any CPU
		{BDFDA2BC-BD02-4960-90B5-401F1499F3B5}.Release|Any CPU.ActiveCfg = Release|Any CPU
		{BDFDA2BC-BD02-4960-90B5-401F1499F3B5}.Release|Any CPU.Build.0 = Release|Any CPU
		{BDFDA2BC-BD02-4960-90B5-401F1499F3B5}.Release|x64.ActiveCfg = Release|Any CPU
		{BDFDA2BC-BD02-4960-90B5-401F1499F3B5}.Release|x64.Build.0 = Release|Any CPU
		{BDFDA2BC-BD02-4960-90B5-401F1499F3B5}.Release|x86.ActiveCfg = Release|Any CPU
		{BDFDA2BC-BD02-4960-90B5-401F1499F3B5}.Release|x86.Build.0 = Release|Any CPU
		{3D688B91-7EBC-45B6-8F7D-BCB6B9B7702E}.Debug|Any CPU.ActiveCfg = Debug|Any CPU
		{3D688B91-7EBC-45B6-8F7D-BCB6B9B7702E}.Debug|Any CPU.Build.0 = Debug|Any CPU
		{3D688B91-7EBC-45B6-8F7D-BCB6B9B7702E}.Debug|x64.ActiveCfg = Debug|Any CPU
		{3D688B91-7EBC-45B6-8F7D-BCB6B9B7702E}.Debug|x64.Build.0 = Debug|Any CPU
		{3D688B91-7EBC-45B6-8F7D-BCB6B9B7702E}.Debug|x86.ActiveCfg = Debug|Any CPU
		{3D688B91-7EBC-45B6-8F7D-BCB6B9B7702E}.Debug|x86.Build.0 = Debug|Any CPU
		{3D688B91-7EBC-45B6-8F7D-BCB6B9B7702E}.Release|Any CPU.ActiveCfg = Release|Any CPU
		{3D688B91-7EBC-45B6-8F7D-BCB6B9B7702E}.Release|Any CPU.Build.0 = Release|Any CPU
		{3D688B91-7EBC-45B6-8F7D-BCB6B9B7702E}.Release|x64.ActiveCfg = Release|Any CPU
		{3D688B91-7EBC-45B6-8F7D-BCB6B9B7702E}.Release|x64.Build.0 = Release|Any CPU
		{3D688B91-7EBC-45B6-8F7D-BCB6B9B7702E}.Release|x86.ActiveCfg = Release|Any CPU
		{3D688B91-7EBC-45B6-8F7D-BCB6B9B7702E}.Release|x86.Build.0 = Release|Any CPU
	EndGlobalSection
EndGlobal
