
Microsoft Visual Studio Solution File, Format Version 12.00
# Visual Studio Version 16
VisualStudioVersion = 16.6.30114.105
MinimumVisualStudioVersion = 10.0.40219.1
Project("{FAE04EC0-301F-11D3-BF4B-00C04F79EFBC}") = "OnlineStore.Modules.Core.Api", "OnlineStore.Modules.Core.Api\OnlineStore.Modules.Core.Api.csproj", "{AED33285-682A-4334-80A2-3DE2F27A5573}"
EndProject
Project("{FAE04EC0-301F-11D3-BF4B-00C04F79EFBC}") = "OnlineStore.Modules.Core.Application", "OnlineStore.Modules.Core.Application\OnlineStore.Modules.Core.Application.csproj", "{3826EFE0-86B7-4B58-A307-650F340B2786}"
EndProject
Project("{FAE04EC0-301F-11D3-BF4B-00C04F79EFBC}") = "OnlineStore.Modules.Core.Domain", "OnlineStore.Modules.Core.Domain\OnlineStore.Modules.Core.Domain.csproj", "{7D5CA1A3-E972-46E0-B6EF-8564994A5A15}"
EndProject
Project("{FAE04EC0-301F-11D3-BF4B-00C04F79EFBC}") = "OnlineStore.Modules.Core.Infrastructure", "OnlineStore.Modules.Core.Infrastructure\OnlineStore.Modules.Core.Infrastructure.csproj", "{A6F20508-70CD-4B81-85D0-DF738ADA5572}"
EndProject
Global
	GlobalSection(SolutionConfigurationPlatforms) = preSolution
		Debug|Any CPU = Debug|Any CPU
		Debug|x64 = Debug|x64
		Debug|x86 = Debug|x86
		Release|Any CPU = Release|Any CPU
		Release|x64 = Release|x64
		Release|x86 = Release|x86
	EndGlobalSection
	GlobalSection(SolutionProperties) = preSolution
		HideSolutionNode = FALSE
	EndGlobalSection
	GlobalSection(ProjectConfigurationPlatforms) = postSolution
		{AED33285-682A-4334-80A2-3DE2F27A5573}.Debug|Any CPU.ActiveCfg = Debug|Any CPU
		{AED33285-682A-4334-80A2-3DE2F27A5573}.Debug|Any CPU.Build.0 = Debug|Any CPU
		{AED33285-682A-4334-80A2-3DE2F27A5573}.Debug|x64.ActiveCfg = Debug|Any CPU
		{AED33285-682A-4334-80A2-3DE2F27A5573}.Debug|x64.Build.0 = Debug|Any CPU
		{AED33285-682A-4334-80A2-3DE2F27A5573}.Debug|x86.ActiveCfg = Debug|Any CPU
		{AED33285-682A-4334-80A2-3DE2F27A5573}.Debug|x86.Build.0 = Debug|Any CPU
		{AED33285-682A-4334-80A2-3DE2F27A5573}.Release|Any CPU.ActiveCfg = Release|Any CPU
		{AED33285-682A-4334-80A2-3DE2F27A5573}.Release|Any CPU.Build.0 = Release|Any CPU
		{AED33285-682A-4334-80A2-3DE2F27A5573}.Release|x64.ActiveCfg = Release|Any CPU
		{AED33285-682A-4334-80A2-3DE2F27A5573}.Release|x64.Build.0 = Release|Any CPU
		{AED33285-682A-4334-80A2-3DE2F27A5573}.Release|x86.ActiveCfg = Release|Any CPU
		{AED33285-682A-4334-80A2-3DE2F27A5573}.Release|x86.Build.0 = Release|Any CPU
		{3826EFE0-86B7-4B58-A307-650F340B2786}.Debug|Any CPU.ActiveCfg = Debug|Any CPU
		{3826EFE0-86B7-4B58-A307-650F340B2786}.Debug|Any CPU.Build.0 = Debug|Any CPU
		{3826EFE0-86B7-4B58-A307-650F340B2786}.Debug|x64.ActiveCfg = Debug|Any CPU
		{3826EFE0-86B7-4B58-A307-650F340B2786}.Debug|x64.Build.0 = Debug|Any CPU
		{3826EFE0-86B7-4B58-A307-650F340B2786}.Debug|x86.ActiveCfg = Debug|Any CPU
		{3826EFE0-86B7-4B58-A307-650F340B2786}.Debug|x86.Build.0 = Debug|Any CPU
		{3826EFE0-86B7-4B58-A307-650F340B2786}.Release|Any CPU.ActiveCfg = Release|Any CPU
		{3826EFE0-86B7-4B58-A307-650F340B2786}.Release|Any CPU.Build.0 = Release|Any CPU
		{3826EFE0-86B7-4B58-A307-650F340B2786}.Release|x64.ActiveCfg = Release|Any CPU
		{3826EFE0-86B7-4B58-A307-650F340B2786}.Release|x64.Build.0 = Release|Any CPU
		{3826EFE0-86B7-4B58-A307-650F340B2786}.Release|x86.ActiveCfg = Release|Any CPU
		{3826EFE0-86B7-4B58-A307-650F340B2786}.Release|x86.Build.0 = Release|Any CPU
		{7D5CA1A3-E972-46E0-B6EF-8564994A5A15}.Debug|Any CPU.ActiveCfg = Debug|Any CPU
		{7D5CA1A3-E972-46E0-B6EF-8564994A5A15}.Debug|Any CPU.Build.0 = Debug|Any CPU
		{7D5CA1A3-E972-46E0-B6EF-8564994A5A15}.Debug|x64.ActiveCfg = Debug|Any CPU
		{7D5CA1A3-E972-46E0-B6EF-8564994A5A15}.Debug|x64.Build.0 = Debug|Any CPU
		{7D5CA1A3-E972-46E0-B6EF-8564994A5A15}.Debug|x86.ActiveCfg = Debug|Any CPU
		{7D5CA1A3-E972-46E0-B6EF-8564994A5A15}.Debug|x86.Build.0 = Debug|Any CPU
		{7D5CA1A3-E972-46E0-B6EF-8564994A5A15}.Release|Any CPU.ActiveCfg = Release|Any CPU
		{7D5CA1A3-E972-46E0-B6EF-8564994A5A15}.Release|Any CPU.Build.0 = Release|Any CPU
		{7D5CA1A3-E972-46E0-B6EF-8564994A5A15}.Release|x64.ActiveCfg = Release|Any CPU
		{7D5CA1A3-E972-46E0-B6EF-8564994A5A15}.Release|x64.Build.0 = Release|Any CPU
		{7D5CA1A3-E972-46E0-B6EF-8564994A5A15}.Release|x86.ActiveCfg = Release|Any CPU
		{7D5CA1A3-E972-46E0-B6EF-8564994A5A15}.Release|x86.Build.0 = Release|Any CPU
		{A6F20508-70CD-4B81-85D0-DF738ADA5572}.Debug|Any CPU.ActiveCfg = Debug|Any CPU
		{A6F20508-70CD-4B81-85D0-DF738ADA5572}.Debug|Any CPU.Build.0 = Debug|Any CPU
		{A6F20508-70CD-4B81-85D0-DF738ADA5572}.Debug|x64.ActiveCfg = Debug|Any CPU
		{A6F20508-70CD-4B81-85D0-DF738ADA5572}.Debug|x64.Build.0 = Debug|Any CPU
		{A6F20508-70CD-4B81-85D0-DF738ADA5572}.Debug|x86.ActiveCfg = Debug|Any CPU
		{A6F20508-70CD-4B81-85D0-DF738ADA5572}.Debug|x86.Build.0 = Debug|Any CPU
		{A6F20508-70CD-4B81-85D0-DF738ADA5572}.Release|Any CPU.ActiveCfg = Release|Any CPU
		{A6F20508-70CD-4B81-85D0-DF738ADA5572}.Release|Any CPU.Build.0 = Release|Any CPU
		{A6F20508-70CD-4B81-85D0-DF738ADA5572}.Release|x64.ActiveCfg = Release|Any CPU
		{A6F20508-70CD-4B81-85D0-DF738ADA5572}.Release|x64.Build.0 = Release|Any CPU
		{A6F20508-70CD-4B81-85D0-DF738ADA5572}.Release|x86.ActiveCfg = Release|Any CPU
		{A6F20508-70CD-4B81-85D0-DF738ADA5572}.Release|x86.Build.0 = Release|Any CPU
	EndGlobalSection
EndGlobal
